// !$*UTF8*$!
{
	archiveVersion = 1;
	classes = {
	};
	objectVersion = 55;
	objects = {

/* Begin PBXBuildFile section */
		AF2EA5E427D7CF2F0048EE2F /* libopencv_dnn_objdetect.a in Frameworks */ = {isa = PBXBuildFile; fileRef = AF2EA57227D7CF290048EE2F /* libopencv_dnn_objdetect.a */; };
		AF2EA5E527D7CF2F0048EE2F /* libopencv_wechat_qrcode.4.5.4.dylib in Frameworks */ = {isa = PBXBuildFile; fileRef = AF2EA57327D7CF290048EE2F /* libopencv_wechat_qrcode.4.5.4.dylib */; };
		AF2EA5E627D7CF2F0048EE2F /* libopencv_barcode.a in Frameworks */ = {isa = PBXBuildFile; fileRef = AF2EA57427D7CF290048EE2F /* libopencv_barcode.a */; };
		AF2EA5E727D7CF2F0048EE2F /* libopencv_wechat_qrcode.a in Frameworks */ = {isa = PBXBuildFile; fileRef = AF2EA57527D7CF290048EE2F /* libopencv_wechat_qrcode.a */; };
		AF2EA5E827D7CF2F0048EE2F /* libopencv_objdetect.a in Frameworks */ = {isa = PBXBuildFile; fileRef = AF2EA57627D7CF290048EE2F /* libopencv_objdetect.a */; };
		AF2EA5E927D7CF2F0048EE2F /* libopencv_freetype.4.5.4.dylib in Frameworks */ = {isa = PBXBuildFile; fileRef = AF2EA57727D7CF290048EE2F /* libopencv_freetype.4.5.4.dylib */; };
		AF2EA5EA27D7CF2F0048EE2F /* libopencv_stitching.4.5.4.dylib in Frameworks */ = {isa = PBXBuildFile; fileRef = AF2EA57827D7CF290048EE2F /* libopencv_stitching.4.5.4.dylib */; };
		AF2EA5EB27D7CF2F0048EE2F /* libquirc.a in Frameworks */ = {isa = PBXBuildFile; fileRef = AF2EA57927D7CF290048EE2F /* libquirc.a */; };
		AF2EA5EC27D7CF2F0048EE2F /* libopencv_hfs.a in Frameworks */ = {isa = PBXBuildFile; fileRef = AF2EA57A27D7CF290048EE2F /* libopencv_hfs.a */; };
		AF2EA5ED27D7CF2F0048EE2F /* libopencv_gapi.4.5.4.dylib in Frameworks */ = {isa = PBXBuildFile; fileRef = AF2EA57B27D7CF290048EE2F /* libopencv_gapi.4.5.4.dylib */; };
		AF2EA5EE27D7CF2F0048EE2F /* libopencv_calib3d.a in Frameworks */ = {isa = PBXBuildFile; fileRef = AF2EA57C27D7CF290048EE2F /* libopencv_calib3d.a */; };
		AF2EA5EF27D7CF2F0048EE2F /* libopencv_rapid.4.5.4.dylib in Frameworks */ = {isa = PBXBuildFile; fileRef = AF2EA57D27D7CF290048EE2F /* libopencv_rapid.4.5.4.dylib */; };
		AF2EA5F027D7CF2F0048EE2F /* libopencv_fuzzy.a in Frameworks */ = {isa = PBXBuildFile; fileRef = AF2EA57E27D7CF290048EE2F /* libopencv_fuzzy.a */; };
		AF2EA5F127D7CF2F0048EE2F /* libopencv_quality.a in Frameworks */ = {isa = PBXBuildFile; fileRef = AF2EA57F27D7CF290048EE2F /* libopencv_quality.a */; };
		AF2EA5F227D7CF2F0048EE2F /* libopencv_plot.4.5.4.dylib in Frameworks */ = {isa = PBXBuildFile; fileRef = AF2EA58027D7CF290048EE2F /* libopencv_plot.4.5.4.dylib */; };
		AF2EA5F327D7CF2F0048EE2F /* libopencv_intensity_transform.4.5.4.dylib in Frameworks */ = {isa = PBXBuildFile; fileRef = AF2EA58127D7CF2A0048EE2F /* libopencv_intensity_transform.4.5.4.dylib */; };
		AF2EA5F427D7CF2F0048EE2F /* libopencv_dpm.4.5.4.dylib in Frameworks */ = {isa = PBXBuildFile; fileRef = AF2EA58227D7CF2A0048EE2F /* libopencv_dpm.4.5.4.dylib */; };
		AF2EA5F527D7CF2F0048EE2F /* libopencv_imgcodecs.a in Frameworks */ = {isa = PBXBuildFile; fileRef = AF2EA58327D7CF2A0048EE2F /* libopencv_imgcodecs.a */; };
		AF2EA5F627D7CF2F0048EE2F /* libopencv_mcc.a in Frameworks */ = {isa = PBXBuildFile; fileRef = AF2EA58427D7CF2A0048EE2F /* libopencv_mcc.a */; };
		AF2EA5F727D7CF2F0048EE2F /* libopencv_img_hash.a in Frameworks */ = {isa = PBXBuildFile; fileRef = AF2EA58527D7CF2A0048EE2F /* libopencv_img_hash.a */; };
		AF2EA5F827D7CF2F0048EE2F /* libopencv_aruco.4.5.4.dylib in Frameworks */ = {isa = PBXBuildFile; fileRef = AF2EA58627D7CF2A0048EE2F /* libopencv_aruco.4.5.4.dylib */; };
		AF2EA5F927D7CF2F0048EE2F /* libopencv_photo.4.5.4.dylib in Frameworks */ = {isa = PBXBuildFile; fileRef = AF2EA58727D7CF2A0048EE2F /* libopencv_photo.4.5.4.dylib */; };
		AF2EA5FA27D7CF2F0048EE2F /* libopencv_rapid.a in Frameworks */ = {isa = PBXBuildFile; fileRef = AF2EA58827D7CF2A0048EE2F /* libopencv_rapid.a */; };
		AF2EA5FB27D7CF2F0048EE2F /* libopencv_viz.4.5.4.dylib in Frameworks */ = {isa = PBXBuildFile; fileRef = AF2EA58927D7CF2A0048EE2F /* libopencv_viz.4.5.4.dylib */; };
		AF2EA5FC27D7CF2F0048EE2F /* libopencv_xobjdetect.4.5.4.dylib in Frameworks */ = {isa = PBXBuildFile; fileRef = AF2EA58A27D7CF2A0048EE2F /* libopencv_xobjdetect.4.5.4.dylib */; };
		AF2EA5FD27D7CF2F0048EE2F /* libopencv_dnn.4.5.4.dylib in Frameworks */ = {isa = PBXBuildFile; fileRef = AF2EA58B27D7CF2A0048EE2F /* libopencv_dnn.4.5.4.dylib */; };
		AF2EA5FE27D7CF2F0048EE2F /* libopencv_flann.4.5.4.dylib in Frameworks */ = {isa = PBXBuildFile; fileRef = AF2EA58C27D7CF2A0048EE2F /* libopencv_flann.4.5.4.dylib */; };
		AF2EA5FF27D7CF2F0048EE2F /* libopencv_videoio.4.5.4.dylib in Frameworks */ = {isa = PBXBuildFile; fileRef = AF2EA58D27D7CF2A0048EE2F /* libopencv_videoio.4.5.4.dylib */; };
		AF2EA60027D7CF2F0048EE2F /* libopencv_ccalib.a in Frameworks */ = {isa = PBXBuildFile; fileRef = AF2EA58E27D7CF2A0048EE2F /* libopencv_ccalib.a */; };
		AF2EA60127D7CF2F0048EE2F /* libopencv_bgsegm.a in Frameworks */ = {isa = PBXBuildFile; fileRef = AF2EA58F27D7CF2A0048EE2F /* libopencv_bgsegm.a */; };
		AF2EA60227D7CF2F0048EE2F /* libopencv_datasets.a in Frameworks */ = {isa = PBXBuildFile; fileRef = AF2EA59027D7CF2A0048EE2F /* libopencv_datasets.a */; };
		AF2EA60327D7CF2F0048EE2F /* libopencv_alphamat.a in Frameworks */ = {isa = PBXBuildFile; fileRef = AF2EA59127D7CF2B0048EE2F /* libopencv_alphamat.a */; };
		AF2EA60427D7CF2F0048EE2F /* libopencv_text.4.5.4.dylib in Frameworks */ = {isa = PBXBuildFile; fileRef = AF2EA59227D7CF2B0048EE2F /* libopencv_text.4.5.4.dylib */; };
		AF2EA60527D7CF2F0048EE2F /* libopencv_text.a in Frameworks */ = {isa = PBXBuildFile; fileRef = AF2EA59327D7CF2B0048EE2F /* libopencv_text.a */; };
		AF2EA60627D7CF2F0048EE2F /* libopencv_videostab.4.5.4.dylib in Frameworks */ = {isa = PBXBuildFile; fileRef = AF2EA59427D7CF2B0048EE2F /* libopencv_videostab.4.5.4.dylib */; };
		AF2EA60727D7CF2F0048EE2F /* libopencv_dnn.a in Frameworks */ = {isa = PBXBuildFile; fileRef = AF2EA59527D7CF2B0048EE2F /* libopencv_dnn.a */; };
		AF2EA60827D7CF2F0048EE2F /* libopencv_ml.a in Frameworks */ = {isa = PBXBuildFile; fileRef = AF2EA59627D7CF2B0048EE2F /* libopencv_ml.a */; };
		AF2EA60927D7CF2F0048EE2F /* libopencv_optflow.4.5.4.dylib in Frameworks */ = {isa = PBXBuildFile; fileRef = AF2EA59727D7CF2B0048EE2F /* libopencv_optflow.4.5.4.dylib */; };
		AF2EA60A27D7CF2F0048EE2F /* libopencv_dpm.a in Frameworks */ = {isa = PBXBuildFile; fileRef = AF2EA59827D7CF2B0048EE2F /* libopencv_dpm.a */; };
		AF2EA60B27D7CF2F0048EE2F /* libopencv_face.4.5.4.dylib in Frameworks */ = {isa = PBXBuildFile; fileRef = AF2EA59927D7CF2B0048EE2F /* libopencv_face.4.5.4.dylib */; };
		AF2EA60C27D7CF2F0048EE2F /* libopencv_highgui.a in Frameworks */ = {isa = PBXBuildFile; fileRef = AF2EA59A27D7CF2B0048EE2F /* libopencv_highgui.a */; };
		AF2EA60D27D7CF2F0048EE2F /* libopencv_rgbd.a in Frameworks */ = {isa = PBXBuildFile; fileRef = AF2EA59B27D7CF2B0048EE2F /* libopencv_rgbd.a */; };
		AF2EA60E27D7CF2F0048EE2F /* libsimple_pipeline.a in Frameworks */ = {isa = PBXBuildFile; fileRef = AF2EA59C27D7CF2B0048EE2F /* libsimple_pipeline.a */; };
		AF2EA60F27D7CF2F0048EE2F /* libopencv_imgcodecs.4.5.4.dylib in Frameworks */ = {isa = PBXBuildFile; fileRef = AF2EA59D27D7CF2B0048EE2F /* libopencv_imgcodecs.4.5.4.dylib */; };
		AF2EA61027D7CF2F0048EE2F /* libopencv_alphamat.4.5.4.dylib in Frameworks */ = {isa = PBXBuildFile; fileRef = AF2EA59E27D7CF2B0048EE2F /* libopencv_alphamat.4.5.4.dylib */; };
		AF2EA61127D7CF2F0048EE2F /* libopencv_plot.a in Frameworks */ = {isa = PBXBuildFile; fileRef = AF2EA59F27D7CF2B0048EE2F /* libopencv_plot.a */; };
		AF2EA61227D7CF2F0048EE2F /* libopencv_line_descriptor.a in Frameworks */ = {isa = PBXBuildFile; fileRef = AF2EA5A027D7CF2C0048EE2F /* libopencv_line_descriptor.a */; };
		AF2EA61327D7CF2F0048EE2F /* libopencv_tracking.4.5.4.dylib in Frameworks */ = {isa = PBXBuildFile; fileRef = AF2EA5A127D7CF2C0048EE2F /* libopencv_tracking.4.5.4.dylib */; };
		AF2EA61427D7CF2F0048EE2F /* libopencv_ximgproc.4.5.4.dylib in Frameworks */ = {isa = PBXBuildFile; fileRef = AF2EA5A227D7CF2C0048EE2F /* libopencv_ximgproc.4.5.4.dylib */; };
		AF2EA61527D7CF2F0048EE2F /* libopencv_ccalib.4.5.4.dylib in Frameworks */ = {isa = PBXBuildFile; fileRef = AF2EA5A327D7CF2C0048EE2F /* libopencv_ccalib.4.5.4.dylib */; };
		AF2EA61627D7CF2F0048EE2F /* libopencv_calib3d.4.5.4.dylib in Frameworks */ = {isa = PBXBuildFile; fileRef = AF2EA5A427D7CF2C0048EE2F /* libopencv_calib3d.4.5.4.dylib */; };
		AF2EA61727D7CF2F0048EE2F /* libopencv_core.a in Frameworks */ = {isa = PBXBuildFile; fileRef = AF2EA5A527D7CF2C0048EE2F /* libopencv_core.a */; };
		AF2EA61827D7CF2F0048EE2F /* libopencv_superres.4.5.4.dylib in Frameworks */ = {isa = PBXBuildFile; fileRef = AF2EA5A627D7CF2C0048EE2F /* libopencv_superres.4.5.4.dylib */; };
		AF2EA61927D7CF2F0048EE2F /* libopencv_img_hash.4.5.4.dylib in Frameworks */ = {isa = PBXBuildFile; fileRef = AF2EA5A727D7CF2C0048EE2F /* libopencv_img_hash.4.5.4.dylib */; };
		AF2EA61A27D7CF2F0048EE2F /* libopencv_sfm.4.5.4.dylib in Frameworks */ = {isa = PBXBuildFile; fileRef = AF2EA5A827D7CF2C0048EE2F /* libopencv_sfm.4.5.4.dylib */; };
		AF2EA61B27D7CF2F0048EE2F /* libopencv_optflow.a in Frameworks */ = {isa = PBXBuildFile; fileRef = AF2EA5A927D7CF2C0048EE2F /* libopencv_optflow.a */; };
		AF2EA61C27D7CF2F0048EE2F /* libopencv_line_descriptor.4.5.4.dylib in Frameworks */ = {isa = PBXBuildFile; fileRef = AF2EA5AA27D7CF2D0048EE2F /* libopencv_line_descriptor.4.5.4.dylib */; };
		AF2EA61D27D7CF2F0048EE2F /* libopencv_videoio.a in Frameworks */ = {isa = PBXBuildFile; fileRef = AF2EA5AB27D7CF2D0048EE2F /* libopencv_videoio.a */; };
		AF2EA61E27D7CF2F0048EE2F /* libopencv_structured_light.4.5.4.dylib in Frameworks */ = {isa = PBXBuildFile; fileRef = AF2EA5AC27D7CF2D0048EE2F /* libopencv_structured_light.4.5.4.dylib */; };
		AF2EA61F27D7CF2F0048EE2F /* libopencv_quality.4.5.4.dylib in Frameworks */ = {isa = PBXBuildFile; fileRef = AF2EA5AD27D7CF2D0048EE2F /* libopencv_quality.4.5.4.dylib */; };
		AF2EA62027D7CF2F0048EE2F /* libopencv_intensity_transform.a in Frameworks */ = {isa = PBXBuildFile; fileRef = AF2EA5AE27D7CF2D0048EE2F /* libopencv_intensity_transform.a */; };
		AF2EA62127D7CF2F0048EE2F /* libopencv_bioinspired.4.5.4.dylib in Frameworks */ = {isa = PBXBuildFile; fileRef = AF2EA5AF27D7CF2D0048EE2F /* libopencv_bioinspired.4.5.4.dylib */; };
		AF2EA62227D7CF2F0048EE2F /* libopencv_phase_unwrapping.a in Frameworks */ = {isa = PBXBuildFile; fileRef = AF2EA5B027D7CF2D0048EE2F /* libopencv_phase_unwrapping.a */; };
		AF2EA62327D7CF2F0048EE2F /* libopencv_reg.a in Frameworks */ = {isa = PBXBuildFile; fileRef = AF2EA5B127D7CF2D0048EE2F /* libopencv_reg.a */; };
		AF2EA62427D7CF2F0048EE2F /* libopencv_stereo.4.5.4.dylib in Frameworks */ = {isa = PBXBuildFile; fileRef = AF2EA5B227D7CF2D0048EE2F /* libopencv_stereo.4.5.4.dylib */; };
		AF2EA62527D7CF2F0048EE2F /* libopencv_mcc.4.5.4.dylib in Frameworks */ = {isa = PBXBuildFile; fileRef = AF2EA5B327D7CF2D0048EE2F /* libopencv_mcc.4.5.4.dylib */; };
		AF2EA62627D7CF2F0048EE2F /* libopencv_video.a in Frameworks */ = {isa = PBXBuildFile; fileRef = AF2EA5B427D7CF2D0048EE2F /* libopencv_video.a */; };
		AF2EA62727D7CF2F0048EE2F /* libopencv_objdetect.4.5.4.dylib in Frameworks */ = {isa = PBXBuildFile; fileRef = AF2EA5B527D7CF2D0048EE2F /* libopencv_objdetect.4.5.4.dylib */; };
		AF2EA62827D7CF2F0048EE2F /* libopencv_tracking.a in Frameworks */ = {isa = PBXBuildFile; fileRef = AF2EA5B627D7CF2D0048EE2F /* libopencv_tracking.a */; };
		AF2EA62927D7CF2F0048EE2F /* libopencv_datasets.4.5.4.dylib in Frameworks */ = {isa = PBXBuildFile; fileRef = AF2EA5B727D7CF2D0048EE2F /* libopencv_datasets.4.5.4.dylib */; };
		AF2EA62A27D7CF2F0048EE2F /* libopencv_photo.a in Frameworks */ = {isa = PBXBuildFile; fileRef = AF2EA5B827D7CF2D0048EE2F /* libopencv_photo.a */; };
		AF2EA62B27D7CF2F0048EE2F /* libopencv_saliency.4.5.4.dylib in Frameworks */ = {isa = PBXBuildFile; fileRef = AF2EA5B927D7CF2D0048EE2F /* libopencv_saliency.4.5.4.dylib */; };
		AF2EA62C27D7CF2F0048EE2F /* libopencv_core.4.5.4.dylib in Frameworks */ = {isa = PBXBuildFile; fileRef = AF2EA5BA27D7CF2D0048EE2F /* libopencv_core.4.5.4.dylib */; };
		AF2EA62D27D7CF2F0048EE2F /* libopencv_face.a in Frameworks */ = {isa = PBXBuildFile; fileRef = AF2EA5BB27D7CF2D0048EE2F /* libopencv_face.a */; };
		AF2EA62E27D7CF2F0048EE2F /* libopencv_xphoto.a in Frameworks */ = {isa = PBXBuildFile; fileRef = AF2EA5BC27D7CF2D0048EE2F /* libopencv_xphoto.a */; };
		AF2EA62F27D7CF2F0048EE2F /* libopencv_stitching.a in Frameworks */ = {isa = PBXBuildFile; fileRef = AF2EA5BD27D7CF2D0048EE2F /* libopencv_stitching.a */; };
		AF2EA63027D7CF2F0048EE2F /* libopencv_sfm.a in Frameworks */ = {isa = PBXBuildFile; fileRef = AF2EA5BE27D7CF2D0048EE2F /* libopencv_sfm.a */; };
		AF2EA63127D7CF2F0048EE2F /* libopencv_shape.4.5.4.dylib in Frameworks */ = {isa = PBXBuildFile; fileRef = AF2EA5BF27D7CF2D0048EE2F /* libopencv_shape.4.5.4.dylib */; };
		AF2EA63227D7CF2F0048EE2F /* libopencv_stereo.a in Frameworks */ = {isa = PBXBuildFile; fileRef = AF2EA5C027D7CF2D0048EE2F /* libopencv_stereo.a */; };
		AF2EA63327D7CF2F0048EE2F /* libopencv_phase_unwrapping.4.5.4.dylib in Frameworks */ = {isa = PBXBuildFile; fileRef = AF2EA5C127D7CF2D0048EE2F /* libopencv_phase_unwrapping.4.5.4.dylib */; };
		AF2EA63427D7CF2F0048EE2F /* libopencv_videostab.a in Frameworks */ = {isa = PBXBuildFile; fileRef = AF2EA5C227D7CF2D0048EE2F /* libopencv_videostab.a */; };
		AF2EA63527D7CF2F0048EE2F /* libopencv_flann.a in Frameworks */ = {isa = PBXBuildFile; fileRef = AF2EA5C327D7CF2D0048EE2F /* libopencv_flann.a */; };
		AF2EA63627D7CF2F0048EE2F /* libopencv_video.4.5.4.dylib in Frameworks */ = {isa = PBXBuildFile; fileRef = AF2EA5C427D7CF2D0048EE2F /* libopencv_video.4.5.4.dylib */; };
		AF2EA63727D7CF2F0048EE2F /* libopencv_structured_light.a in Frameworks */ = {isa = PBXBuildFile; fileRef = AF2EA5C527D7CF2E0048EE2F /* libopencv_structured_light.a */; };
		AF2EA63827D7CF2F0048EE2F /* libopencv_aruco.a in Frameworks */ = {isa = PBXBuildFile; fileRef = AF2EA5C627D7CF2E0048EE2F /* libopencv_aruco.a */; };
		AF2EA63927D7CF2F0048EE2F /* libopencv_hfs.4.5.4.dylib in Frameworks */ = {isa = PBXBuildFile; fileRef = AF2EA5C727D7CF2E0048EE2F /* libopencv_hfs.4.5.4.dylib */; };
		AF2EA63A27D7CF2F0048EE2F /* libopencv_xphoto.4.5.4.dylib in Frameworks */ = {isa = PBXBuildFile; fileRef = AF2EA5C827D7CF2E0048EE2F /* libopencv_xphoto.4.5.4.dylib */; };
		AF2EA63B27D7CF2F0048EE2F /* libopencv_barcode.4.5.4.dylib in Frameworks */ = {isa = PBXBuildFile; fileRef = AF2EA5C927D7CF2E0048EE2F /* libopencv_barcode.4.5.4.dylib */; };
		AF2EA63C27D7CF2F0048EE2F /* libopencv_dnn_superres.a in Frameworks */ = {isa = PBXBuildFile; fileRef = AF2EA5CA27D7CF2E0048EE2F /* libopencv_dnn_superres.a */; };
		AF2EA63D27D7CF2F0048EE2F /* libopencv_shape.a in Frameworks */ = {isa = PBXBuildFile; fileRef = AF2EA5CB27D7CF2E0048EE2F /* libopencv_shape.a */; };
		AF2EA63E27D7CF2F0048EE2F /* libopencv_xobjdetect.a in Frameworks */ = {isa = PBXBuildFile; fileRef = AF2EA5CC27D7CF2E0048EE2F /* libopencv_xobjdetect.a */; };
		AF2EA63F27D7CF2F0048EE2F /* libopencv_surface_matching.a in Frameworks */ = {isa = PBXBuildFile; fileRef = AF2EA5CD27D7CF2E0048EE2F /* libopencv_surface_matching.a */; };
		AF2EA64027D7CF2F0048EE2F /* libopencv_imgproc.a in Frameworks */ = {isa = PBXBuildFile; fileRef = AF2EA5CE27D7CF2E0048EE2F /* libopencv_imgproc.a */; };
		AF2EA64127D7CF2F0048EE2F /* libopencv_saliency.a in Frameworks */ = {isa = PBXBuildFile; fileRef = AF2EA5CF27D7CF2E0048EE2F /* libopencv_saliency.a */; };
		AF2EA64227D7CF2F0048EE2F /* libopencv_dnn_objdetect.4.5.4.dylib in Frameworks */ = {isa = PBXBuildFile; fileRef = AF2EA5D027D7CF2E0048EE2F /* libopencv_dnn_objdetect.4.5.4.dylib */; };
		AF2EA64327D7CF2F0048EE2F /* libopencv_features2d.a in Frameworks */ = {isa = PBXBuildFile; fileRef = AF2EA5D127D7CF2E0048EE2F /* libopencv_features2d.a */; };
		AF2EA64427D7CF2F0048EE2F /* libopencv_superres.a in Frameworks */ = {isa = PBXBuildFile; fileRef = AF2EA5D227D7CF2E0048EE2F /* libopencv_superres.a */; };
		AF2EA64527D7CF2F0048EE2F /* libopencv_features2d.4.5.4.dylib in Frameworks */ = {isa = PBXBuildFile; fileRef = AF2EA5D327D7CF2E0048EE2F /* libopencv_features2d.4.5.4.dylib */; };
		AF2EA64627D7CF2F0048EE2F /* libopencv_bgsegm.4.5.4.dylib in Frameworks */ = {isa = PBXBuildFile; fileRef = AF2EA5D427D7CF2E0048EE2F /* libopencv_bgsegm.4.5.4.dylib */; };
		AF2EA64727D7CF2F0048EE2F /* libopencv_dnn_superres.4.5.4.dylib in Frameworks */ = {isa = PBXBuildFile; fileRef = AF2EA5D527D7CF2E0048EE2F /* libopencv_dnn_superres.4.5.4.dylib */; };
		AF2EA64827D7CF2F0048EE2F /* libopencv_bioinspired.a in Frameworks */ = {isa = PBXBuildFile; fileRef = AF2EA5D627D7CF2E0048EE2F /* libopencv_bioinspired.a */; };
		AF2EA64927D7CF2F0048EE2F /* libopencv_freetype.a in Frameworks */ = {isa = PBXBuildFile; fileRef = AF2EA5D727D7CF2E0048EE2F /* libopencv_freetype.a */; };
		AF2EA64A27D7CF2F0048EE2F /* libopencv_reg.4.5.4.dylib in Frameworks */ = {isa = PBXBuildFile; fileRef = AF2EA5D827D7CF2E0048EE2F /* libopencv_reg.4.5.4.dylib */; };
		AF2EA64B27D7CF2F0048EE2F /* libopencv_ml.4.5.4.dylib in Frameworks */ = {isa = PBXBuildFile; fileRef = AF2EA5D927D7CF2E0048EE2F /* libopencv_ml.4.5.4.dylib */; };
		AF2EA64C27D7CF2F0048EE2F /* libopencv_viz.a in Frameworks */ = {isa = PBXBuildFile; fileRef = AF2EA5DA27D7CF2E0048EE2F /* libopencv_viz.a */; };
		AF2EA64D27D7CF2F0048EE2F /* libopencv_gapi.a in Frameworks */ = {isa = PBXBuildFile; fileRef = AF2EA5DB27D7CF2E0048EE2F /* libopencv_gapi.a */; };
		AF2EA64E27D7CF2F0048EE2F /* libopencv_ximgproc.a in Frameworks */ = {isa = PBXBuildFile; fileRef = AF2EA5DC27D7CF2E0048EE2F /* libopencv_ximgproc.a */; };
		AF2EA64F27D7CF2F0048EE2F /* libopencv_rgbd.4.5.4.dylib in Frameworks */ = {isa = PBXBuildFile; fileRef = AF2EA5DD27D7CF2F0048EE2F /* libopencv_rgbd.4.5.4.dylib */; };
		AF2EA65027D7CF2F0048EE2F /* libopencv_xfeatures2d.4.5.4.dylib in Frameworks */ = {isa = PBXBuildFile; fileRef = AF2EA5DE27D7CF2F0048EE2F /* libopencv_xfeatures2d.4.5.4.dylib */; };
		AF2EA65127D7CF2F0048EE2F /* libopencv_xfeatures2d.a in Frameworks */ = {isa = PBXBuildFile; fileRef = AF2EA5DF27D7CF2F0048EE2F /* libopencv_xfeatures2d.a */; };
		AF2EA65227D7CF2F0048EE2F /* libopencv_fuzzy.4.5.4.dylib in Frameworks */ = {isa = PBXBuildFile; fileRef = AF2EA5E027D7CF2F0048EE2F /* libopencv_fuzzy.4.5.4.dylib */; };
		AF2EA65327D7CF2F0048EE2F /* libopencv_imgproc.4.5.4.dylib in Frameworks */ = {isa = PBXBuildFile; fileRef = AF2EA5E127D7CF2F0048EE2F /* libopencv_imgproc.4.5.4.dylib */; };
		AF2EA65427D7CF2F0048EE2F /* libopencv_highgui.4.5.4.dylib in Frameworks */ = {isa = PBXBuildFile; fileRef = AF2EA5E227D7CF2F0048EE2F /* libopencv_highgui.4.5.4.dylib */; };
		AF2EA65527D7CF2F0048EE2F /* libopencv_surface_matching.4.5.4.dylib in Frameworks */ = {isa = PBXBuildFile; fileRef = AF2EA5E327D7CF2F0048EE2F /* libopencv_surface_matching.4.5.4.dylib */; };
		AF2EA66127D7CF880048EE2F /* region_features.cpp in Sources */ = {isa = PBXBuildFile; fileRef = AF2EA65727D7CF870048EE2F /* region_features.cpp */; };
		AF2EA66227D7CF880048EE2F /* main.cpp in Sources */ = {isa = PBXBuildFile; fileRef = AF2EA65927D7CF870048EE2F /* main.cpp */; };
		AF2EA66327D7CF880048EE2F /* csv_util.cpp in Sources */ = {isa = PBXBuildFile; fileRef = AF2EA65C27D7CF870048EE2F /* csv_util.cpp */; };
		AF2EA66427D7CF880048EE2F /* objectRecognition.cpp in Sources */ = {isa = PBXBuildFile; fileRef = AF2EA65D27D7CF870048EE2F /* objectRecognition.cpp */; };
		AF2EA66527D7CF880048EE2F /* preprocess.cpp in Sources */ = {isa = PBXBuildFile; fileRef = AF2EA65E27D7CF870048EE2F /* preprocess.cpp */; };
		AF2EA66627D7CF880048EE2F /* custom_classifier.cpp in Sources */ = {isa = PBXBuildFile; fileRef = AF2EA66027D7CF880048EE2F /* custom_classifier.cpp */; };
		AF2EA67027D7D38D0048EE2F /* readImages.cpp in Sources */ = {isa = PBXBuildFile; fileRef = AF2EA66E27D7D38D0048EE2F /* readImages.cpp */; };
/* End PBXBuildFile section */

/* Begin PBXCopyFilesBuildPhase section */
		AF2EA56627D7CE800048EE2F /* CopyFiles */ = {
			isa = PBXCopyFilesBuildPhase;
			buildActionMask = 2147483647;
			dstPath = /usr/share/man/man1/;
			dstSubfolderSpec = 0;
			files = (
			);
			runOnlyForDeploymentPostprocessing = 1;
		};
/* End PBXCopyFilesBuildPhase section */

/* Begin PBXFileReference section */
		AF2EA56827D7CE800048EE2F /* Project3 */ = {isa = PBXFileReference; explicitFileType = "compiled.mach-o.executable"; includeInIndex = 0; path = Project3; sourceTree = BUILT_PRODUCTS_DIR; };
		AF2EA57227D7CF290048EE2F /* libopencv_dnn_objdetect.a */ = {isa = PBXFileReference; lastKnownFileType = archive.ar; name = libopencv_dnn_objdetect.a; path = ../../../../../../usr/local/Cellar/opencv/4.5.4_4/lib/libopencv_dnn_objdetect.a; sourceTree = "<group>"; };
		AF2EA57327D7CF290048EE2F /* libopencv_wechat_qrcode.4.5.4.dylib */ = {isa = PBXFileReference; lastKnownFileType = "compiled.mach-o.dylib"; name = libopencv_wechat_qrcode.4.5.4.dylib; path = ../../../../../../usr/local/Cellar/opencv/4.5.4_4/lib/libopencv_wechat_qrcode.4.5.4.dylib; sourceTree = "<group>"; };
		AF2EA57427D7CF290048EE2F /* libopencv_barcode.a */ = {isa = PBXFileReference; lastKnownFileType = archive.ar; name = libopencv_barcode.a; path = ../../../../../../usr/local/Cellar/opencv/4.5.4_4/lib/libopencv_barcode.a; sourceTree = "<group>"; };
		AF2EA57527D7CF290048EE2F /* libopencv_wechat_qrcode.a */ = {isa = PBXFileReference; lastKnownFileType = archive.ar; name = libopencv_wechat_qrcode.a; path = ../../../../../../usr/local/Cellar/opencv/4.5.4_4/lib/libopencv_wechat_qrcode.a; sourceTree = "<group>"; };
		AF2EA57627D7CF290048EE2F /* libopencv_objdetect.a */ = {isa = PBXFileReference; lastKnownFileType = archive.ar; name = libopencv_objdetect.a; path = ../../../../../../usr/local/Cellar/opencv/4.5.4_4/lib/libopencv_objdetect.a; sourceTree = "<group>"; };
		AF2EA57727D7CF290048EE2F /* libopencv_freetype.4.5.4.dylib */ = {isa = PBXFileReference; lastKnownFileType = "compiled.mach-o.dylib"; name = libopencv_freetype.4.5.4.dylib; path = ../../../../../../usr/local/Cellar/opencv/4.5.4_4/lib/libopencv_freetype.4.5.4.dylib; sourceTree = "<group>"; };
		AF2EA57827D7CF290048EE2F /* libopencv_stitching.4.5.4.dylib */ = {isa = PBXFileReference; lastKnownFileType = "compiled.mach-o.dylib"; name = libopencv_stitching.4.5.4.dylib; path = ../../../../../../usr/local/Cellar/opencv/4.5.4_4/lib/libopencv_stitching.4.5.4.dylib; sourceTree = "<group>"; };
		AF2EA57927D7CF290048EE2F /* libquirc.a */ = {isa = PBXFileReference; lastKnownFileType = archive.ar; name = libquirc.a; path = ../../../../../../usr/local/Cellar/opencv/4.5.4_4/lib/libquirc.a; sourceTree = "<group>"; };
		AF2EA57A27D7CF290048EE2F /* libopencv_hfs.a */ = {isa = PBXFileReference; lastKnownFileType = archive.ar; name = libopencv_hfs.a; path = ../../../../../../usr/local/Cellar/opencv/4.5.4_4/lib/libopencv_hfs.a; sourceTree = "<group>"; };
		AF2EA57B27D7CF290048EE2F /* libopencv_gapi.4.5.4.dylib */ = {isa = PBXFileReference; lastKnownFileType = "compiled.mach-o.dylib"; name = libopencv_gapi.4.5.4.dylib; path = ../../../../../../usr/local/Cellar/opencv/4.5.4_4/lib/libopencv_gapi.4.5.4.dylib; sourceTree = "<group>"; };
		AF2EA57C27D7CF290048EE2F /* libopencv_calib3d.a */ = {isa = PBXFileReference; lastKnownFileType = archive.ar; name = libopencv_calib3d.a; path = ../../../../../../usr/local/Cellar/opencv/4.5.4_4/lib/libopencv_calib3d.a; sourceTree = "<group>"; };
		AF2EA57D27D7CF290048EE2F /* libopencv_rapid.4.5.4.dylib */ = {isa = PBXFileReference; lastKnownFileType = "compiled.mach-o.dylib"; name = libopencv_rapid.4.5.4.dylib; path = ../../../../../../usr/local/Cellar/opencv/4.5.4_4/lib/libopencv_rapid.4.5.4.dylib; sourceTree = "<group>"; };
		AF2EA57E27D7CF290048EE2F /* libopencv_fuzzy.a */ = {isa = PBXFileReference; lastKnownFileType = archive.ar; name = libopencv_fuzzy.a; path = ../../../../../../usr/local/Cellar/opencv/4.5.4_4/lib/libopencv_fuzzy.a; sourceTree = "<group>"; };
		AF2EA57F27D7CF290048EE2F /* libopencv_quality.a */ = {isa = PBXFileReference; lastKnownFileType = archive.ar; name = libopencv_quality.a; path = ../../../../../../usr/local/Cellar/opencv/4.5.4_4/lib/libopencv_quality.a; sourceTree = "<group>"; };
		AF2EA58027D7CF290048EE2F /* libopencv_plot.4.5.4.dylib */ = {isa = PBXFileReference; lastKnownFileType = "compiled.mach-o.dylib"; name = libopencv_plot.4.5.4.dylib; path = ../../../../../../usr/local/Cellar/opencv/4.5.4_4/lib/libopencv_plot.4.5.4.dylib; sourceTree = "<group>"; };
		AF2EA58127D7CF2A0048EE2F /* libopencv_intensity_transform.4.5.4.dylib */ = {isa = PBXFileReference; lastKnownFileType = "compiled.mach-o.dylib"; name = libopencv_intensity_transform.4.5.4.dylib; path = ../../../../../../usr/local/Cellar/opencv/4.5.4_4/lib/libopencv_intensity_transform.4.5.4.dylib; sourceTree = "<group>"; };
		AF2EA58227D7CF2A0048EE2F /* libopencv_dpm.4.5.4.dylib */ = {isa = PBXFileReference; lastKnownFileType = "compiled.mach-o.dylib"; name = libopencv_dpm.4.5.4.dylib; path = ../../../../../../usr/local/Cellar/opencv/4.5.4_4/lib/libopencv_dpm.4.5.4.dylib; sourceTree = "<group>"; };
		AF2EA58327D7CF2A0048EE2F /* libopencv_imgcodecs.a */ = {isa = PBXFileReference; lastKnownFileType = archive.ar; name = libopencv_imgcodecs.a; path = ../../../../../../usr/local/Cellar/opencv/4.5.4_4/lib/libopencv_imgcodecs.a; sourceTree = "<group>"; };
		AF2EA58427D7CF2A0048EE2F /* libopencv_mcc.a */ = {isa = PBXFileReference; lastKnownFileType = archive.ar; name = libopencv_mcc.a; path = ../../../../../../usr/local/Cellar/opencv/4.5.4_4/lib/libopencv_mcc.a; sourceTree = "<group>"; };
		AF2EA58527D7CF2A0048EE2F /* libopencv_img_hash.a */ = {isa = PBXFileReference; lastKnownFileType = archive.ar; name = libopencv_img_hash.a; path = ../../../../../../usr/local/Cellar/opencv/4.5.4_4/lib/libopencv_img_hash.a; sourceTree = "<group>"; };
		AF2EA58627D7CF2A0048EE2F /* libopencv_aruco.4.5.4.dylib */ = {isa = PBXFileReference; lastKnownFileType = "compiled.mach-o.dylib"; name = libopencv_aruco.4.5.4.dylib; path = ../../../../../../usr/local/Cellar/opencv/4.5.4_4/lib/libopencv_aruco.4.5.4.dylib; sourceTree = "<group>"; };
		AF2EA58727D7CF2A0048EE2F /* libopencv_photo.4.5.4.dylib */ = {isa = PBXFileReference; lastKnownFileType = "compiled.mach-o.dylib"; name = libopencv_photo.4.5.4.dylib; path = ../../../../../../usr/local/Cellar/opencv/4.5.4_4/lib/libopencv_photo.4.5.4.dylib; sourceTree = "<group>"; };
		AF2EA58827D7CF2A0048EE2F /* libopencv_rapid.a */ = {isa = PBXFileReference; lastKnownFileType = archive.ar; name = libopencv_rapid.a; path = ../../../../../../usr/local/Cellar/opencv/4.5.4_4/lib/libopencv_rapid.a; sourceTree = "<group>"; };
		AF2EA58927D7CF2A0048EE2F /* libopencv_viz.4.5.4.dylib */ = {isa = PBXFileReference; lastKnownFileType = "compiled.mach-o.dylib"; name = libopencv_viz.4.5.4.dylib; path = ../../../../../../usr/local/Cellar/opencv/4.5.4_4/lib/libopencv_viz.4.5.4.dylib; sourceTree = "<group>"; };
		AF2EA58A27D7CF2A0048EE2F /* libopencv_xobjdetect.4.5.4.dylib */ = {isa = PBXFileReference; lastKnownFileType = "compiled.mach-o.dylib"; name = libopencv_xobjdetect.4.5.4.dylib; path = ../../../../../../usr/local/Cellar/opencv/4.5.4_4/lib/libopencv_xobjdetect.4.5.4.dylib; sourceTree = "<group>"; };
		AF2EA58B27D7CF2A0048EE2F /* libopencv_dnn.4.5.4.dylib */ = {isa = PBXFileReference; lastKnownFileType = "compiled.mach-o.dylib"; name = libopencv_dnn.4.5.4.dylib; path = ../../../../../../usr/local/Cellar/opencv/4.5.4_4/lib/libopencv_dnn.4.5.4.dylib; sourceTree = "<group>"; };
		AF2EA58C27D7CF2A0048EE2F /* libopencv_flann.4.5.4.dylib */ = {isa = PBXFileReference; lastKnownFileType = "compiled.mach-o.dylib"; name = libopencv_flann.4.5.4.dylib; path = ../../../../../../usr/local/Cellar/opencv/4.5.4_4/lib/libopencv_flann.4.5.4.dylib; sourceTree = "<group>"; };
		AF2EA58D27D7CF2A0048EE2F /* libopencv_videoio.4.5.4.dylib */ = {isa = PBXFileReference; lastKnownFileType = "compiled.mach-o.dylib"; name = libopencv_videoio.4.5.4.dylib; path = ../../../../../../usr/local/Cellar/opencv/4.5.4_4/lib/libopencv_videoio.4.5.4.dylib; sourceTree = "<group>"; };
		AF2EA58E27D7CF2A0048EE2F /* libopencv_ccalib.a */ = {isa = PBXFileReference; lastKnownFileType = archive.ar; name = libopencv_ccalib.a; path = ../../../../../../usr/local/Cellar/opencv/4.5.4_4/lib/libopencv_ccalib.a; sourceTree = "<group>"; };
		AF2EA58F27D7CF2A0048EE2F /* libopencv_bgsegm.a */ = {isa = PBXFileReference; lastKnownFileType = archive.ar; name = libopencv_bgsegm.a; path = ../../../../../../usr/local/Cellar/opencv/4.5.4_4/lib/libopencv_bgsegm.a; sourceTree = "<group>"; };
		AF2EA59027D7CF2A0048EE2F /* libopencv_datasets.a */ = {isa = PBXFileReference; lastKnownFileType = archive.ar; name = libopencv_datasets.a; path = ../../../../../../usr/local/Cellar/opencv/4.5.4_4/lib/libopencv_datasets.a; sourceTree = "<group>"; };
		AF2EA59127D7CF2B0048EE2F /* libopencv_alphamat.a */ = {isa = PBXFileReference; lastKnownFileType = archive.ar; name = libopencv_alphamat.a; path = ../../../../../../usr/local/Cellar/opencv/4.5.4_4/lib/libopencv_alphamat.a; sourceTree = "<group>"; };
		AF2EA59227D7CF2B0048EE2F /* libopencv_text.4.5.4.dylib */ = {isa = PBXFileReference; lastKnownFileType = "compiled.mach-o.dylib"; name = libopencv_text.4.5.4.dylib; path = ../../../../../../usr/local/Cellar/opencv/4.5.4_4/lib/libopencv_text.4.5.4.dylib; sourceTree = "<group>"; };
		AF2EA59327D7CF2B0048EE2F /* libopencv_text.a */ = {isa = PBXFileReference; lastKnownFileType = archive.ar; name = libopencv_text.a; path = ../../../../../../usr/local/Cellar/opencv/4.5.4_4/lib/libopencv_text.a; sourceTree = "<group>"; };
		AF2EA59427D7CF2B0048EE2F /* libopencv_videostab.4.5.4.dylib */ = {isa = PBXFileReference; lastKnownFileType = "compiled.mach-o.dylib"; name = libopencv_videostab.4.5.4.dylib; path = ../../../../../../usr/local/Cellar/opencv/4.5.4_4/lib/libopencv_videostab.4.5.4.dylib; sourceTree = "<group>"; };
		AF2EA59527D7CF2B0048EE2F /* libopencv_dnn.a */ = {isa = PBXFileReference; lastKnownFileType = archive.ar; name = libopencv_dnn.a; path = ../../../../../../usr/local/Cellar/opencv/4.5.4_4/lib/libopencv_dnn.a; sourceTree = "<group>"; };
		AF2EA59627D7CF2B0048EE2F /* libopencv_ml.a */ = {isa = PBXFileReference; lastKnownFileType = archive.ar; name = libopencv_ml.a; path = ../../../../../../usr/local/Cellar/opencv/4.5.4_4/lib/libopencv_ml.a; sourceTree = "<group>"; };
		AF2EA59727D7CF2B0048EE2F /* libopencv_optflow.4.5.4.dylib */ = {isa = PBXFileReference; lastKnownFileType = "compiled.mach-o.dylib"; name = libopencv_optflow.4.5.4.dylib; path = ../../../../../../usr/local/Cellar/opencv/4.5.4_4/lib/libopencv_optflow.4.5.4.dylib; sourceTree = "<group>"; };
		AF2EA59827D7CF2B0048EE2F /* libopencv_dpm.a */ = {isa = PBXFileReference; lastKnownFileType = archive.ar; name = libopencv_dpm.a; path = ../../../../../../usr/local/Cellar/opencv/4.5.4_4/lib/libopencv_dpm.a; sourceTree = "<group>"; };
		AF2EA59927D7CF2B0048EE2F /* libopencv_face.4.5.4.dylib */ = {isa = PBXFileReference; lastKnownFileType = "compiled.mach-o.dylib"; name = libopencv_face.4.5.4.dylib; path = ../../../../../../usr/local/Cellar/opencv/4.5.4_4/lib/libopencv_face.4.5.4.dylib; sourceTree = "<group>"; };
		AF2EA59A27D7CF2B0048EE2F /* libopencv_highgui.a */ = {isa = PBXFileReference; lastKnownFileType = archive.ar; name = libopencv_highgui.a; path = ../../../../../../usr/local/Cellar/opencv/4.5.4_4/lib/libopencv_highgui.a; sourceTree = "<group>"; };
		AF2EA59B27D7CF2B0048EE2F /* libopencv_rgbd.a */ = {isa = PBXFileReference; lastKnownFileType = archive.ar; name = libopencv_rgbd.a; path = ../../../../../../usr/local/Cellar/opencv/4.5.4_4/lib/libopencv_rgbd.a; sourceTree = "<group>"; };
		AF2EA59C27D7CF2B0048EE2F /* libsimple_pipeline.a */ = {isa = PBXFileReference; lastKnownFileType = archive.ar; name = libsimple_pipeline.a; path = ../../../../../../usr/local/Cellar/opencv/4.5.4_4/lib/libsimple_pipeline.a; sourceTree = "<group>"; };
		AF2EA59D27D7CF2B0048EE2F /* libopencv_imgcodecs.4.5.4.dylib */ = {isa = PBXFileReference; lastKnownFileType = "compiled.mach-o.dylib"; name = libopencv_imgcodecs.4.5.4.dylib; path = ../../../../../../usr/local/Cellar/opencv/4.5.4_4/lib/libopencv_imgcodecs.4.5.4.dylib; sourceTree = "<group>"; };
		AF2EA59E27D7CF2B0048EE2F /* libopencv_alphamat.4.5.4.dylib */ = {isa = PBXFileReference; lastKnownFileType = "compiled.mach-o.dylib"; name = libopencv_alphamat.4.5.4.dylib; path = ../../../../../../usr/local/Cellar/opencv/4.5.4_4/lib/libopencv_alphamat.4.5.4.dylib; sourceTree = "<group>"; };
		AF2EA59F27D7CF2B0048EE2F /* libopencv_plot.a */ = {isa = PBXFileReference; lastKnownFileType = archive.ar; name = libopencv_plot.a; path = ../../../../../../usr/local/Cellar/opencv/4.5.4_4/lib/libopencv_plot.a; sourceTree = "<group>"; };
		AF2EA5A027D7CF2C0048EE2F /* libopencv_line_descriptor.a */ = {isa = PBXFileReference; lastKnownFileType = archive.ar; name = libopencv_line_descriptor.a; path = ../../../../../../usr/local/Cellar/opencv/4.5.4_4/lib/libopencv_line_descriptor.a; sourceTree = "<group>"; };
		AF2EA5A127D7CF2C0048EE2F /* libopencv_tracking.4.5.4.dylib */ = {isa = PBXFileReference; lastKnownFileType = "compiled.mach-o.dylib"; name = libopencv_tracking.4.5.4.dylib; path = ../../../../../../usr/local/Cellar/opencv/4.5.4_4/lib/libopencv_tracking.4.5.4.dylib; sourceTree = "<group>"; };
		AF2EA5A227D7CF2C0048EE2F /* libopencv_ximgproc.4.5.4.dylib */ = {isa = PBXFileReference; lastKnownFileType = "compiled.mach-o.dylib"; name = libopencv_ximgproc.4.5.4.dylib; path = ../../../../../../usr/local/Cellar/opencv/4.5.4_4/lib/libopencv_ximgproc.4.5.4.dylib; sourceTree = "<group>"; };
		AF2EA5A327D7CF2C0048EE2F /* libopencv_ccalib.4.5.4.dylib */ = {isa = PBXFileReference; lastKnownFileType = "compiled.mach-o.dylib"; name = libopencv_ccalib.4.5.4.dylib; path = ../../../../../../usr/local/Cellar/opencv/4.5.4_4/lib/libopencv_ccalib.4.5.4.dylib; sourceTree = "<group>"; };
		AF2EA5A427D7CF2C0048EE2F /* libopencv_calib3d.4.5.4.dylib */ = {isa = PBXFileReference; lastKnownFileType = "compiled.mach-o.dylib"; name = libopencv_calib3d.4.5.4.dylib; path = ../../../../../../usr/local/Cellar/opencv/4.5.4_4/lib/libopencv_calib3d.4.5.4.dylib; sourceTree = "<group>"; };
		AF2EA5A527D7CF2C0048EE2F /* libopencv_core.a */ = {isa = PBXFileReference; lastKnownFileType = archive.ar; name = libopencv_core.a; path = ../../../../../../usr/local/Cellar/opencv/4.5.4_4/lib/libopencv_core.a; sourceTree = "<group>"; };
		AF2EA5A627D7CF2C0048EE2F /* libopencv_superres.4.5.4.dylib */ = {isa = PBXFileReference; lastKnownFileType = "compiled.mach-o.dylib"; name = libopencv_superres.4.5.4.dylib; path = ../../../../../../usr/local/Cellar/opencv/4.5.4_4/lib/libopencv_superres.4.5.4.dylib; sourceTree = "<group>"; };
		AF2EA5A727D7CF2C0048EE2F /* libopencv_img_hash.4.5.4.dylib */ = {isa = PBXFileReference; lastKnownFileType = "compiled.mach-o.dylib"; name = libopencv_img_hash.4.5.4.dylib; path = ../../../../../../usr/local/Cellar/opencv/4.5.4_4/lib/libopencv_img_hash.4.5.4.dylib; sourceTree = "<group>"; };
		AF2EA5A827D7CF2C0048EE2F /* libopencv_sfm.4.5.4.dylib */ = {isa = PBXFileReference; lastKnownFileType = "compiled.mach-o.dylib"; name = libopencv_sfm.4.5.4.dylib; path = ../../../../../../usr/local/Cellar/opencv/4.5.4_4/lib/libopencv_sfm.4.5.4.dylib; sourceTree = "<group>"; };
		AF2EA5A927D7CF2C0048EE2F /* libopencv_optflow.a */ = {isa = PBXFileReference; lastKnownFileType = archive.ar; name = libopencv_optflow.a; path = ../../../../../../usr/local/Cellar/opencv/4.5.4_4/lib/libopencv_optflow.a; sourceTree = "<group>"; };
		AF2EA5AA27D7CF2D0048EE2F /* libopencv_line_descriptor.4.5.4.dylib */ = {isa = PBXFileReference; lastKnownFileType = "compiled.mach-o.dylib"; name = libopencv_line_descriptor.4.5.4.dylib; path = ../../../../../../usr/local/Cellar/opencv/4.5.4_4/lib/libopencv_line_descriptor.4.5.4.dylib; sourceTree = "<group>"; };
		AF2EA5AB27D7CF2D0048EE2F /* libopencv_videoio.a */ = {isa = PBXFileReference; lastKnownFileType = archive.ar; name = libopencv_videoio.a; path = ../../../../../../usr/local/Cellar/opencv/4.5.4_4/lib/libopencv_videoio.a; sourceTree = "<group>"; };
		AF2EA5AC27D7CF2D0048EE2F /* libopencv_structured_light.4.5.4.dylib */ = {isa = PBXFileReference; lastKnownFileType = "compiled.mach-o.dylib"; name = libopencv_structured_light.4.5.4.dylib; path = ../../../../../../usr/local/Cellar/opencv/4.5.4_4/lib/libopencv_structured_light.4.5.4.dylib; sourceTree = "<group>"; };
		AF2EA5AD27D7CF2D0048EE2F /* libopencv_quality.4.5.4.dylib */ = {isa = PBXFileReference; lastKnownFileType = "compiled.mach-o.dylib"; name = libopencv_quality.4.5.4.dylib; path = ../../../../../../usr/local/Cellar/opencv/4.5.4_4/lib/libopencv_quality.4.5.4.dylib; sourceTree = "<group>"; };
		AF2EA5AE27D7CF2D0048EE2F /* libopencv_intensity_transform.a */ = {isa = PBXFileReference; lastKnownFileType = archive.ar; name = libopencv_intensity_transform.a; path = ../../../../../../usr/local/Cellar/opencv/4.5.4_4/lib/libopencv_intensity_transform.a; sourceTree = "<group>"; };
		AF2EA5AF27D7CF2D0048EE2F /* libopencv_bioinspired.4.5.4.dylib */ = {isa = PBXFileReference; lastKnownFileType = "compiled.mach-o.dylib"; name = libopencv_bioinspired.4.5.4.dylib; path = ../../../../../../usr/local/Cellar/opencv/4.5.4_4/lib/libopencv_bioinspired.4.5.4.dylib; sourceTree = "<group>"; };
		AF2EA5B027D7CF2D0048EE2F /* libopencv_phase_unwrapping.a */ = {isa = PBXFileReference; lastKnownFileType = archive.ar; name = libopencv_phase_unwrapping.a; path = ../../../../../../usr/local/Cellar/opencv/4.5.4_4/lib/libopencv_phase_unwrapping.a; sourceTree = "<group>"; };
		AF2EA5B127D7CF2D0048EE2F /* libopencv_reg.a */ = {isa = PBXFileReference; lastKnownFileType = archive.ar; name = libopencv_reg.a; path = ../../../../../../usr/local/Cellar/opencv/4.5.4_4/lib/libopencv_reg.a; sourceTree = "<group>"; };
		AF2EA5B227D7CF2D0048EE2F /* libopencv_stereo.4.5.4.dylib */ = {isa = PBXFileReference; lastKnownFileType = "compiled.mach-o.dylib"; name = libopencv_stereo.4.5.4.dylib; path = ../../../../../../usr/local/Cellar/opencv/4.5.4_4/lib/libopencv_stereo.4.5.4.dylib; sourceTree = "<group>"; };
		AF2EA5B327D7CF2D0048EE2F /* libopencv_mcc.4.5.4.dylib */ = {isa = PBXFileReference; lastKnownFileType = "compiled.mach-o.dylib"; name = libopencv_mcc.4.5.4.dylib; path = ../../../../../../usr/local/Cellar/opencv/4.5.4_4/lib/libopencv_mcc.4.5.4.dylib; sourceTree = "<group>"; };
		AF2EA5B427D7CF2D0048EE2F /* libopencv_video.a */ = {isa = PBXFileReference; lastKnownFileType = archive.ar; name = libopencv_video.a; path = ../../../../../../usr/local/Cellar/opencv/4.5.4_4/lib/libopencv_video.a; sourceTree = "<group>"; };
		AF2EA5B527D7CF2D0048EE2F /* libopencv_objdetect.4.5.4.dylib */ = {isa = PBXFileReference; lastKnownFileType = "compiled.mach-o.dylib"; name = libopencv_objdetect.4.5.4.dylib; path = ../../../../../../usr/local/Cellar/opencv/4.5.4_4/lib/libopencv_objdetect.4.5.4.dylib; sourceTree = "<group>"; };
		AF2EA5B627D7CF2D0048EE2F /* libopencv_tracking.a */ = {isa = PBXFileReference; lastKnownFileType = archive.ar; name = libopencv_tracking.a; path = ../../../../../../usr/local/Cellar/opencv/4.5.4_4/lib/libopencv_tracking.a; sourceTree = "<group>"; };
		AF2EA5B727D7CF2D0048EE2F /* libopencv_datasets.4.5.4.dylib */ = {isa = PBXFileReference; lastKnownFileType = "compiled.mach-o.dylib"; name = libopencv_datasets.4.5.4.dylib; path = ../../../../../../usr/local/Cellar/opencv/4.5.4_4/lib/libopencv_datasets.4.5.4.dylib; sourceTree = "<group>"; };
		AF2EA5B827D7CF2D0048EE2F /* libopencv_photo.a */ = {isa = PBXFileReference; lastKnownFileType = archive.ar; name = libopencv_photo.a; path = ../../../../../../usr/local/Cellar/opencv/4.5.4_4/lib/libopencv_photo.a; sourceTree = "<group>"; };
		AF2EA5B927D7CF2D0048EE2F /* libopencv_saliency.4.5.4.dylib */ = {isa = PBXFileReference; lastKnownFileType = "compiled.mach-o.dylib"; name = libopencv_saliency.4.5.4.dylib; path = ../../../../../../usr/local/Cellar/opencv/4.5.4_4/lib/libopencv_saliency.4.5.4.dylib; sourceTree = "<group>"; };
		AF2EA5BA27D7CF2D0048EE2F /* libopencv_core.4.5.4.dylib */ = {isa = PBXFileReference; lastKnownFileType = "compiled.mach-o.dylib"; name = libopencv_core.4.5.4.dylib; path = ../../../../../../usr/local/Cellar/opencv/4.5.4_4/lib/libopencv_core.4.5.4.dylib; sourceTree = "<group>"; };
		AF2EA5BB27D7CF2D0048EE2F /* libopencv_face.a */ = {isa = PBXFileReference; lastKnownFileType = archive.ar; name = libopencv_face.a; path = ../../../../../../usr/local/Cellar/opencv/4.5.4_4/lib/libopencv_face.a; sourceTree = "<group>"; };
		AF2EA5BC27D7CF2D0048EE2F /* libopencv_xphoto.a */ = {isa = PBXFileReference; lastKnownFileType = archive.ar; name = libopencv_xphoto.a; path = ../../../../../../usr/local/Cellar/opencv/4.5.4_4/lib/libopencv_xphoto.a; sourceTree = "<group>"; };
		AF2EA5BD27D7CF2D0048EE2F /* libopencv_stitching.a */ = {isa = PBXFileReference; lastKnownFileType = archive.ar; name = libopencv_stitching.a; path = ../../../../../../usr/local/Cellar/opencv/4.5.4_4/lib/libopencv_stitching.a; sourceTree = "<group>"; };
		AF2EA5BE27D7CF2D0048EE2F /* libopencv_sfm.a */ = {isa = PBXFileReference; lastKnownFileType = archive.ar; name = libopencv_sfm.a; path = ../../../../../../usr/local/Cellar/opencv/4.5.4_4/lib/libopencv_sfm.a; sourceTree = "<group>"; };
		AF2EA5BF27D7CF2D0048EE2F /* libopencv_shape.4.5.4.dylib */ = {isa = PBXFileReference; lastKnownFileType = "compiled.mach-o.dylib"; name = libopencv_shape.4.5.4.dylib; path = ../../../../../../usr/local/Cellar/opencv/4.5.4_4/lib/libopencv_shape.4.5.4.dylib; sourceTree = "<group>"; };
		AF2EA5C027D7CF2D0048EE2F /* libopencv_stereo.a */ = {isa = PBXFileReference; lastKnownFileType = archive.ar; name = libopencv_stereo.a; path = ../../../../../../usr/local/Cellar/opencv/4.5.4_4/lib/libopencv_stereo.a; sourceTree = "<group>"; };
		AF2EA5C127D7CF2D0048EE2F /* libopencv_phase_unwrapping.4.5.4.dylib */ = {isa = PBXFileReference; lastKnownFileType = "compiled.mach-o.dylib"; name = libopencv_phase_unwrapping.4.5.4.dylib; path = ../../../../../../usr/local/Cellar/opencv/4.5.4_4/lib/libopencv_phase_unwrapping.4.5.4.dylib; sourceTree = "<group>"; };
		AF2EA5C227D7CF2D0048EE2F /* libopencv_videostab.a */ = {isa = PBXFileReference; lastKnownFileType = archive.ar; name = libopencv_videostab.a; path = ../../../../../../usr/local/Cellar/opencv/4.5.4_4/lib/libopencv_videostab.a; sourceTree = "<group>"; };
		AF2EA5C327D7CF2D0048EE2F /* libopencv_flann.a */ = {isa = PBXFileReference; lastKnownFileType = archive.ar; name = libopencv_flann.a; path = ../../../../../../usr/local/Cellar/opencv/4.5.4_4/lib/libopencv_flann.a; sourceTree = "<group>"; };
		AF2EA5C427D7CF2D0048EE2F /* libopencv_video.4.5.4.dylib */ = {isa = PBXFileReference; lastKnownFileType = "compiled.mach-o.dylib"; name = libopencv_video.4.5.4.dylib; path = ../../../../../../usr/local/Cellar/opencv/4.5.4_4/lib/libopencv_video.4.5.4.dylib; sourceTree = "<group>"; };
		AF2EA5C527D7CF2E0048EE2F /* libopencv_structured_light.a */ = {isa = PBXFileReference; lastKnownFileType = archive.ar; name = libopencv_structured_light.a; path = ../../../../../../usr/local/Cellar/opencv/4.5.4_4/lib/libopencv_structured_light.a; sourceTree = "<group>"; };
		AF2EA5C627D7CF2E0048EE2F /* libopencv_aruco.a */ = {isa = PBXFileReference; lastKnownFileType = archive.ar; name = libopencv_aruco.a; path = ../../../../../../usr/local/Cellar/opencv/4.5.4_4/lib/libopencv_aruco.a; sourceTree = "<group>"; };
		AF2EA5C727D7CF2E0048EE2F /* libopencv_hfs.4.5.4.dylib */ = {isa = PBXFileReference; lastKnownFileType = "compiled.mach-o.dylib"; name = libopencv_hfs.4.5.4.dylib; path = ../../../../../../usr/local/Cellar/opencv/4.5.4_4/lib/libopencv_hfs.4.5.4.dylib; sourceTree = "<group>"; };
		AF2EA5C827D7CF2E0048EE2F /* libopencv_xphoto.4.5.4.dylib */ = {isa = PBXFileReference; lastKnownFileType = "compiled.mach-o.dylib"; name = libopencv_xphoto.4.5.4.dylib; path = ../../../../../../usr/local/Cellar/opencv/4.5.4_4/lib/libopencv_xphoto.4.5.4.dylib; sourceTree = "<group>"; };
		AF2EA5C927D7CF2E0048EE2F /* libopencv_barcode.4.5.4.dylib */ = {isa = PBXFileReference; lastKnownFileType = "compiled.mach-o.dylib"; name = libopencv_barcode.4.5.4.dylib; path = ../../../../../../usr/local/Cellar/opencv/4.5.4_4/lib/libopencv_barcode.4.5.4.dylib; sourceTree = "<group>"; };
		AF2EA5CA27D7CF2E0048EE2F /* libopencv_dnn_superres.a */ = {isa = PBXFileReference; lastKnownFileType = archive.ar; name = libopencv_dnn_superres.a; path = ../../../../../../usr/local/Cellar/opencv/4.5.4_4/lib/libopencv_dnn_superres.a; sourceTree = "<group>"; };
		AF2EA5CB27D7CF2E0048EE2F /* libopencv_shape.a */ = {isa = PBXFileReference; lastKnownFileType = archive.ar; name = libopencv_shape.a; path = ../../../../../../usr/local/Cellar/opencv/4.5.4_4/lib/libopencv_shape.a; sourceTree = "<group>"; };
		AF2EA5CC27D7CF2E0048EE2F /* libopencv_xobjdetect.a */ = {isa = PBXFileReference; lastKnownFileType = archive.ar; name = libopencv_xobjdetect.a; path = ../../../../../../usr/local/Cellar/opencv/4.5.4_4/lib/libopencv_xobjdetect.a; sourceTree = "<group>"; };
		AF2EA5CD27D7CF2E0048EE2F /* libopencv_surface_matching.a */ = {isa = PBXFileReference; lastKnownFileType = archive.ar; name = libopencv_surface_matching.a; path = ../../../../../../usr/local/Cellar/opencv/4.5.4_4/lib/libopencv_surface_matching.a; sourceTree = "<group>"; };
		AF2EA5CE27D7CF2E0048EE2F /* libopencv_imgproc.a */ = {isa = PBXFileReference; lastKnownFileType = archive.ar; name = libopencv_imgproc.a; path = ../../../../../../usr/local/Cellar/opencv/4.5.4_4/lib/libopencv_imgproc.a; sourceTree = "<group>"; };
		AF2EA5CF27D7CF2E0048EE2F /* libopencv_saliency.a */ = {isa = PBXFileReference; lastKnownFileType = archive.ar; name = libopencv_saliency.a; path = ../../../../../../usr/local/Cellar/opencv/4.5.4_4/lib/libopencv_saliency.a; sourceTree = "<group>"; };
		AF2EA5D027D7CF2E0048EE2F /* libopencv_dnn_objdetect.4.5.4.dylib */ = {isa = PBXFileReference; lastKnownFileType = "compiled.mach-o.dylib"; name = libopencv_dnn_objdetect.4.5.4.dylib; path = ../../../../../../usr/local/Cellar/opencv/4.5.4_4/lib/libopencv_dnn_objdetect.4.5.4.dylib; sourceTree = "<group>"; };
		AF2EA5D127D7CF2E0048EE2F /* libopencv_features2d.a */ = {isa = PBXFileReference; lastKnownFileType = archive.ar; name = libopencv_features2d.a; path = ../../../../../../usr/local/Cellar/opencv/4.5.4_4/lib/libopencv_features2d.a; sourceTree = "<group>"; };
		AF2EA5D227D7CF2E0048EE2F /* libopencv_superres.a */ = {isa = PBXFileReference; lastKnownFileType = archive.ar; name = libopencv_superres.a; path = ../../../../../../usr/local/Cellar/opencv/4.5.4_4/lib/libopencv_superres.a; sourceTree = "<group>"; };
		AF2EA5D327D7CF2E0048EE2F /* libopencv_features2d.4.5.4.dylib */ = {isa = PBXFileReference; lastKnownFileType = "compiled.mach-o.dylib"; name = libopencv_features2d.4.5.4.dylib; path = ../../../../../../usr/local/Cellar/opencv/4.5.4_4/lib/libopencv_features2d.4.5.4.dylib; sourceTree = "<group>"; };
		AF2EA5D427D7CF2E0048EE2F /* libopencv_bgsegm.4.5.4.dylib */ = {isa = PBXFileReference; lastKnownFileType = "compiled.mach-o.dylib"; name = libopencv_bgsegm.4.5.4.dylib; path = ../../../../../../usr/local/Cellar/opencv/4.5.4_4/lib/libopencv_bgsegm.4.5.4.dylib; sourceTree = "<group>"; };
		AF2EA5D527D7CF2E0048EE2F /* libopencv_dnn_superres.4.5.4.dylib */ = {isa = PBXFileReference; lastKnownFileType = "compiled.mach-o.dylib"; name = libopencv_dnn_superres.4.5.4.dylib; path = ../../../../../../usr/local/Cellar/opencv/4.5.4_4/lib/libopencv_dnn_superres.4.5.4.dylib; sourceTree = "<group>"; };
		AF2EA5D627D7CF2E0048EE2F /* libopencv_bioinspired.a */ = {isa = PBXFileReference; lastKnownFileType = archive.ar; name = libopencv_bioinspired.a; path = ../../../../../../usr/local/Cellar/opencv/4.5.4_4/lib/libopencv_bioinspired.a; sourceTree = "<group>"; };
		AF2EA5D727D7CF2E0048EE2F /* libopencv_freetype.a */ = {isa = PBXFileReference; lastKnownFileType = archive.ar; name = libopencv_freetype.a; path = ../../../../../../usr/local/Cellar/opencv/4.5.4_4/lib/libopencv_freetype.a; sourceTree = "<group>"; };
		AF2EA5D827D7CF2E0048EE2F /* libopencv_reg.4.5.4.dylib */ = {isa = PBXFileReference; lastKnownFileType = "compiled.mach-o.dylib"; name = libopencv_reg.4.5.4.dylib; path = ../../../../../../usr/local/Cellar/opencv/4.5.4_4/lib/libopencv_reg.4.5.4.dylib; sourceTree = "<group>"; };
		AF2EA5D927D7CF2E0048EE2F /* libopencv_ml.4.5.4.dylib */ = {isa = PBXFileReference; lastKnownFileType = "compiled.mach-o.dylib"; name = libopencv_ml.4.5.4.dylib; path = ../../../../../../usr/local/Cellar/opencv/4.5.4_4/lib/libopencv_ml.4.5.4.dylib; sourceTree = "<group>"; };
		AF2EA5DA27D7CF2E0048EE2F /* libopencv_viz.a */ = {isa = PBXFileReference; lastKnownFileType = archive.ar; name = libopencv_viz.a; path = ../../../../../../usr/local/Cellar/opencv/4.5.4_4/lib/libopencv_viz.a; sourceTree = "<group>"; };
		AF2EA5DB27D7CF2E0048EE2F /* libopencv_gapi.a */ = {isa = PBXFileReference; lastKnownFileType = archive.ar; name = libopencv_gapi.a; path = ../../../../../../usr/local/Cellar/opencv/4.5.4_4/lib/libopencv_gapi.a; sourceTree = "<group>"; };
		AF2EA5DC27D7CF2E0048EE2F /* libopencv_ximgproc.a */ = {isa = PBXFileReference; lastKnownFileType = archive.ar; name = libopencv_ximgproc.a; path = ../../../../../../usr/local/Cellar/opencv/4.5.4_4/lib/libopencv_ximgproc.a; sourceTree = "<group>"; };
		AF2EA5DD27D7CF2F0048EE2F /* libopencv_rgbd.4.5.4.dylib */ = {isa = PBXFileReference; lastKnownFileType = "compiled.mach-o.dylib"; name = libopencv_rgbd.4.5.4.dylib; path = ../../../../../../usr/local/Cellar/opencv/4.5.4_4/lib/libopencv_rgbd.4.5.4.dylib; sourceTree = "<group>"; };
		AF2EA5DE27D7CF2F0048EE2F /* libopencv_xfeatures2d.4.5.4.dylib */ = {isa = PBXFileReference; lastKnownFileType = "compiled.mach-o.dylib"; name = libopencv_xfeatures2d.4.5.4.dylib; path = ../../../../../../usr/local/Cellar/opencv/4.5.4_4/lib/libopencv_xfeatures2d.4.5.4.dylib; sourceTree = "<group>"; };
		AF2EA5DF27D7CF2F0048EE2F /* libopencv_xfeatures2d.a */ = {isa = PBXFileReference; lastKnownFileType = archive.ar; name = libopencv_xfeatures2d.a; path = ../../../../../../usr/local/Cellar/opencv/4.5.4_4/lib/libopencv_xfeatures2d.a; sourceTree = "<group>"; };
		AF2EA5E027D7CF2F0048EE2F /* libopencv_fuzzy.4.5.4.dylib */ = {isa = PBXFileReference; lastKnownFileType = "compiled.mach-o.dylib"; name = libopencv_fuzzy.4.5.4.dylib; path = ../../../../../../usr/local/Cellar/opencv/4.5.4_4/lib/libopencv_fuzzy.4.5.4.dylib; sourceTree = "<group>"; };
		AF2EA5E127D7CF2F0048EE2F /* libopencv_imgproc.4.5.4.dylib */ = {isa = PBXFileReference; lastKnownFileType = "compiled.mach-o.dylib"; name = libopencv_imgproc.4.5.4.dylib; path = ../../../../../../usr/local/Cellar/opencv/4.5.4_4/lib/libopencv_imgproc.4.5.4.dylib; sourceTree = "<group>"; };
		AF2EA5E227D7CF2F0048EE2F /* libopencv_highgui.4.5.4.dylib */ = {isa = PBXFileReference; lastKnownFileType = "compiled.mach-o.dylib"; name = libopencv_highgui.4.5.4.dylib; path = ../../../../../../usr/local/Cellar/opencv/4.5.4_4/lib/libopencv_highgui.4.5.4.dylib; sourceTree = "<group>"; };
		AF2EA5E327D7CF2F0048EE2F /* libopencv_surface_matching.4.5.4.dylib */ = {isa = PBXFileReference; lastKnownFileType = "compiled.mach-o.dylib"; name = libopencv_surface_matching.4.5.4.dylib; path = ../../../../../../usr/local/Cellar/opencv/4.5.4_4/lib/libopencv_surface_matching.4.5.4.dylib; sourceTree = "<group>"; };
		AF2EA65627D7CF870048EE2F /* custom_classifier.hpp */ = {isa = PBXFileReference; fileEncoding = 4; lastKnownFileType = sourcecode.cpp.h; path = custom_classifier.hpp; sourceTree = "<group>"; };
		AF2EA65727D7CF870048EE2F /* region_features.cpp */ = {isa = PBXFileReference; fileEncoding = 4; lastKnownFileType = sourcecode.cpp.cpp; path = region_features.cpp; sourceTree = "<group>"; };
		AF2EA65827D7CF870048EE2F /* objectRecognition.hpp */ = {isa = PBXFileReference; fileEncoding = 4; lastKnownFileType = sourcecode.cpp.h; path = objectRecognition.hpp; sourceTree = "<group>"; };
		AF2EA65927D7CF870048EE2F /* main.cpp */ = {isa = PBXFileReference; fileEncoding = 4; lastKnownFileType = sourcecode.cpp.cpp; name = main.cpp; path = "../../prcv-project-3/project-3/main.cpp"; sourceTree = "<group>"; };
		AF2EA65A27D7CF870048EE2F /* preprocess.hpp */ = {isa = PBXFileReference; fileEncoding = 4; lastKnownFileType = sourcecode.cpp.h; path = preprocess.hpp; sourceTree = "<group>"; };
		AF2EA65B27D7CF870048EE2F /* csv_util.h */ = {isa = PBXFileReference; fileEncoding = 4; lastKnownFileType = sourcecode.c.h; path = csv_util.h; sourceTree = "<group>"; };
		AF2EA65C27D7CF870048EE2F /* csv_util.cpp */ = {isa = PBXFileReference; fileEncoding = 4; lastKnownFileType = sourcecode.cpp.cpp; path = csv_util.cpp; sourceTree = "<group>"; };
		AF2EA65D27D7CF870048EE2F /* objectRecognition.cpp */ = {isa = PBXFileReference; fileEncoding = 4; lastKnownFileType = sourcecode.cpp.cpp; path = objectRecognition.cpp; sourceTree = "<group>"; };
		AF2EA65E27D7CF870048EE2F /* preprocess.cpp */ = {isa = PBXFileReference; fileEncoding = 4; lastKnownFileType = sourcecode.cpp.cpp; path = preprocess.cpp; sourceTree = "<group>"; };
		AF2EA65F27D7CF880048EE2F /* region_features.hpp */ = {isa = PBXFileReference; fileEncoding = 4; lastKnownFileType = sourcecode.cpp.h; path = region_features.hpp; sourceTree = "<group>"; };
		AF2EA66027D7CF880048EE2F /* custom_classifier.cpp */ = {isa = PBXFileReference; fileEncoding = 4; lastKnownFileType = sourcecode.cpp.cpp; path = custom_classifier.cpp; sourceTree = "<group>"; };
		AF2EA66927D7CFE70048EE2F /* features.csv */ = {isa = PBXFileReference; fileEncoding = 4; lastKnownFileType = text; path = features.csv; sourceTree = "<group>"; };
		AF2EA66A27D7D0200048EE2F /* Mask.jpg */ = {isa = PBXFileReference; lastKnownFileType = image.jpeg; path = Mask.jpg; sourceTree = "<group>"; };
		AF2EA66B27D7D0200048EE2F /* Case.jpg */ = {isa = PBXFileReference; lastKnownFileType = image.jpeg; path = Case.jpg; sourceTree = "<group>"; };
		AF2EA66C27D7D0200048EE2F /* PhoneCase.jpg */ = {isa = PBXFileReference; lastKnownFileType = image.jpeg; path = PhoneCase.jpg; sourceTree = "<group>"; };
		AF2EA66D27D7D0420048EE2F /* phone2.png */ = {isa = PBXFileReference; lastKnownFileType = image.png; path = phone2.png; sourceTree = "<group>"; };
		AF2EA66E27D7D38D0048EE2F /* readImages.cpp */ = {isa = PBXFileReference; lastKnownFileType = sourcecode.cpp.cpp; path = readImages.cpp; sourceTree = "<group>"; };
		AF2EA66F27D7D38D0048EE2F /* readImages.hpp */ = {isa = PBXFileReference; lastKnownFileType = sourcecode.cpp.h; path = readImages.hpp; sourceTree = "<group>"; };
/* End PBXFileReference section */

/* Begin PBXFrameworksBuildPhase section */
		AF2EA56527D7CE800048EE2F /* Frameworks */ = {
			isa = PBXFrameworksBuildPhase;
			buildActionMask = 2147483647;
			files = (
				AF2EA5F127D7CF2F0048EE2F /* libopencv_quality.a in Frameworks */,
				AF2EA62827D7CF2F0048EE2F /* libopencv_tracking.a in Frameworks */,
				AF2EA60127D7CF2F0048EE2F /* libopencv_bgsegm.a in Frameworks */,
				AF2EA64B27D7CF2F0048EE2F /* libopencv_ml.4.5.4.dylib in Frameworks */,
				AF2EA5F027D7CF2F0048EE2F /* libopencv_fuzzy.a in Frameworks */,
				AF2EA65227D7CF2F0048EE2F /* libopencv_fuzzy.4.5.4.dylib in Frameworks */,
				AF2EA64A27D7CF2F0048EE2F /* libopencv_reg.4.5.4.dylib in Frameworks */,
				AF2EA62227D7CF2F0048EE2F /* libopencv_phase_unwrapping.a in Frameworks */,
				AF2EA60E27D7CF2F0048EE2F /* libsimple_pipeline.a in Frameworks */,
				AF2EA62727D7CF2F0048EE2F /* libopencv_objdetect.4.5.4.dylib in Frameworks */,
				AF2EA5FF27D7CF2F0048EE2F /* libopencv_videoio.4.5.4.dylib in Frameworks */,
				AF2EA60927D7CF2F0048EE2F /* libopencv_optflow.4.5.4.dylib in Frameworks */,
				AF2EA62927D7CF2F0048EE2F /* libopencv_datasets.4.5.4.dylib in Frameworks */,
				AF2EA5E927D7CF2F0048EE2F /* libopencv_freetype.4.5.4.dylib in Frameworks */,
				AF2EA63F27D7CF2F0048EE2F /* libopencv_surface_matching.a in Frameworks */,
				AF2EA61427D7CF2F0048EE2F /* libopencv_ximgproc.4.5.4.dylib in Frameworks */,
				AF2EA5E627D7CF2F0048EE2F /* libopencv_barcode.a in Frameworks */,
				AF2EA63E27D7CF2F0048EE2F /* libopencv_xobjdetect.a in Frameworks */,
				AF2EA64627D7CF2F0048EE2F /* libopencv_bgsegm.4.5.4.dylib in Frameworks */,
				AF2EA64927D7CF2F0048EE2F /* libopencv_freetype.a in Frameworks */,
				AF2EA63C27D7CF2F0048EE2F /* libopencv_dnn_superres.a in Frameworks */,
				AF2EA64427D7CF2F0048EE2F /* libopencv_superres.a in Frameworks */,
				AF2EA5FB27D7CF2F0048EE2F /* libopencv_viz.4.5.4.dylib in Frameworks */,
				AF2EA62F27D7CF2F0048EE2F /* libopencv_stitching.a in Frameworks */,
				AF2EA60A27D7CF2F0048EE2F /* libopencv_dpm.a in Frameworks */,
				AF2EA5FC27D7CF2F0048EE2F /* libopencv_xobjdetect.4.5.4.dylib in Frameworks */,
				AF2EA62B27D7CF2F0048EE2F /* libopencv_saliency.4.5.4.dylib in Frameworks */,
				AF2EA60827D7CF2F0048EE2F /* libopencv_ml.a in Frameworks */,
				AF2EA62027D7CF2F0048EE2F /* libopencv_intensity_transform.a in Frameworks */,
				AF2EA61E27D7CF2F0048EE2F /* libopencv_structured_light.4.5.4.dylib in Frameworks */,
				AF2EA64D27D7CF2F0048EE2F /* libopencv_gapi.a in Frameworks */,
				AF2EA61027D7CF2F0048EE2F /* libopencv_alphamat.4.5.4.dylib in Frameworks */,
				AF2EA63827D7CF2F0048EE2F /* libopencv_aruco.a in Frameworks */,
				AF2EA5EE27D7CF2F0048EE2F /* libopencv_calib3d.a in Frameworks */,
				AF2EA63927D7CF2F0048EE2F /* libopencv_hfs.4.5.4.dylib in Frameworks */,
				AF2EA63627D7CF2F0048EE2F /* libopencv_video.4.5.4.dylib in Frameworks */,
				AF2EA64527D7CF2F0048EE2F /* libopencv_features2d.4.5.4.dylib in Frameworks */,
				AF2EA63427D7CF2F0048EE2F /* libopencv_videostab.a in Frameworks */,
				AF2EA62E27D7CF2F0048EE2F /* libopencv_xphoto.a in Frameworks */,
				AF2EA5F327D7CF2F0048EE2F /* libopencv_intensity_transform.4.5.4.dylib in Frameworks */,
				AF2EA61927D7CF2F0048EE2F /* libopencv_img_hash.4.5.4.dylib in Frameworks */,
				AF2EA5E527D7CF2F0048EE2F /* libopencv_wechat_qrcode.4.5.4.dylib in Frameworks */,
				AF2EA63B27D7CF2F0048EE2F /* libopencv_barcode.4.5.4.dylib in Frameworks */,
				AF2EA63327D7CF2F0048EE2F /* libopencv_phase_unwrapping.4.5.4.dylib in Frameworks */,
				AF2EA5E727D7CF2F0048EE2F /* libopencv_wechat_qrcode.a in Frameworks */,
				AF2EA61A27D7CF2F0048EE2F /* libopencv_sfm.4.5.4.dylib in Frameworks */,
				AF2EA60327D7CF2F0048EE2F /* libopencv_alphamat.a in Frameworks */,
				AF2EA60227D7CF2F0048EE2F /* libopencv_datasets.a in Frameworks */,
				AF2EA5EF27D7CF2F0048EE2F /* libopencv_rapid.4.5.4.dylib in Frameworks */,
				AF2EA62A27D7CF2F0048EE2F /* libopencv_photo.a in Frameworks */,
				AF2EA64127D7CF2F0048EE2F /* libopencv_saliency.a in Frameworks */,
				AF2EA61F27D7CF2F0048EE2F /* libopencv_quality.4.5.4.dylib in Frameworks */,
				AF2EA5EB27D7CF2F0048EE2F /* libquirc.a in Frameworks */,
				AF2EA5EC27D7CF2F0048EE2F /* libopencv_hfs.a in Frameworks */,
				AF2EA60527D7CF2F0048EE2F /* libopencv_text.a in Frameworks */,
				AF2EA62427D7CF2F0048EE2F /* libopencv_stereo.4.5.4.dylib in Frameworks */,
				AF2EA61127D7CF2F0048EE2F /* libopencv_plot.a in Frameworks */,
				AF2EA62627D7CF2F0048EE2F /* libopencv_video.a in Frameworks */,
				AF2EA5FD27D7CF2F0048EE2F /* libopencv_dnn.4.5.4.dylib in Frameworks */,
				AF2EA63727D7CF2F0048EE2F /* libopencv_structured_light.a in Frameworks */,
				AF2EA61D27D7CF2F0048EE2F /* libopencv_videoio.a in Frameworks */,
				AF2EA64E27D7CF2F0048EE2F /* libopencv_ximgproc.a in Frameworks */,
				AF2EA5EA27D7CF2F0048EE2F /* libopencv_stitching.4.5.4.dylib in Frameworks */,
				AF2EA65027D7CF2F0048EE2F /* libopencv_xfeatures2d.4.5.4.dylib in Frameworks */,
				AF2EA65427D7CF2F0048EE2F /* libopencv_highgui.4.5.4.dylib in Frameworks */,
				AF2EA60D27D7CF2F0048EE2F /* libopencv_rgbd.a in Frameworks */,
				AF2EA61527D7CF2F0048EE2F /* libopencv_ccalib.4.5.4.dylib in Frameworks */,
				AF2EA61827D7CF2F0048EE2F /* libopencv_superres.4.5.4.dylib in Frameworks */,
				AF2EA61327D7CF2F0048EE2F /* libopencv_tracking.4.5.4.dylib in Frameworks */,
				AF2EA5F727D7CF2F0048EE2F /* libopencv_img_hash.a in Frameworks */,
				AF2EA64327D7CF2F0048EE2F /* libopencv_features2d.a in Frameworks */,
				AF2EA60427D7CF2F0048EE2F /* libopencv_text.4.5.4.dylib in Frameworks */,
				AF2EA5FA27D7CF2F0048EE2F /* libopencv_rapid.a in Frameworks */,
				AF2EA63527D7CF2F0048EE2F /* libopencv_flann.a in Frameworks */,
				AF2EA60727D7CF2F0048EE2F /* libopencv_dnn.a in Frameworks */,
				AF2EA5F827D7CF2F0048EE2F /* libopencv_aruco.4.5.4.dylib in Frameworks */,
				AF2EA64C27D7CF2F0048EE2F /* libopencv_viz.a in Frameworks */,
				AF2EA63027D7CF2F0048EE2F /* libopencv_sfm.a in Frameworks */,
				AF2EA5F227D7CF2F0048EE2F /* libopencv_plot.4.5.4.dylib in Frameworks */,
				AF2EA5F527D7CF2F0048EE2F /* libopencv_imgcodecs.a in Frameworks */,
				AF2EA5F627D7CF2F0048EE2F /* libopencv_mcc.a in Frameworks */,
				AF2EA63A27D7CF2F0048EE2F /* libopencv_xphoto.4.5.4.dylib in Frameworks */,
				AF2EA64027D7CF2F0048EE2F /* libopencv_imgproc.a in Frameworks */,
				AF2EA62127D7CF2F0048EE2F /* libopencv_bioinspired.4.5.4.dylib in Frameworks */,
				AF2EA5FE27D7CF2F0048EE2F /* libopencv_flann.4.5.4.dylib in Frameworks */,
				AF2EA61227D7CF2F0048EE2F /* libopencv_line_descriptor.a in Frameworks */,
				AF2EA61627D7CF2F0048EE2F /* libopencv_calib3d.4.5.4.dylib in Frameworks */,
				AF2EA61727D7CF2F0048EE2F /* libopencv_core.a in Frameworks */,
				AF2EA62527D7CF2F0048EE2F /* libopencv_mcc.4.5.4.dylib in Frameworks */,
				AF2EA65327D7CF2F0048EE2F /* libopencv_imgproc.4.5.4.dylib in Frameworks */,
				AF2EA64727D7CF2F0048EE2F /* libopencv_dnn_superres.4.5.4.dylib in Frameworks */,
				AF2EA64F27D7CF2F0048EE2F /* libopencv_rgbd.4.5.4.dylib in Frameworks */,
				AF2EA64827D7CF2F0048EE2F /* libopencv_bioinspired.a in Frameworks */,
				AF2EA62D27D7CF2F0048EE2F /* libopencv_face.a in Frameworks */,
				AF2EA5E827D7CF2F0048EE2F /* libopencv_objdetect.a in Frameworks */,
				AF2EA60027D7CF2F0048EE2F /* libopencv_ccalib.a in Frameworks */,
				AF2EA5E427D7CF2F0048EE2F /* libopencv_dnn_objdetect.a in Frameworks */,
				AF2EA64227D7CF2F0048EE2F /* libopencv_dnn_objdetect.4.5.4.dylib in Frameworks */,
				AF2EA60B27D7CF2F0048EE2F /* libopencv_face.4.5.4.dylib in Frameworks */,
				AF2EA60627D7CF2F0048EE2F /* libopencv_videostab.4.5.4.dylib in Frameworks */,
				AF2EA5F927D7CF2F0048EE2F /* libopencv_photo.4.5.4.dylib in Frameworks */,
				AF2EA5F427D7CF2F0048EE2F /* libopencv_dpm.4.5.4.dylib in Frameworks */,
				AF2EA5ED27D7CF2F0048EE2F /* libopencv_gapi.4.5.4.dylib in Frameworks */,
				AF2EA65527D7CF2F0048EE2F /* libopencv_surface_matching.4.5.4.dylib in Frameworks */,
				AF2EA63227D7CF2F0048EE2F /* libopencv_stereo.a in Frameworks */,
				AF2EA60C27D7CF2F0048EE2F /* libopencv_highgui.a in Frameworks */,
				AF2EA61B27D7CF2F0048EE2F /* libopencv_optflow.a in Frameworks */,
				AF2EA63D27D7CF2F0048EE2F /* libopencv_shape.a in Frameworks */,
				AF2EA62327D7CF2F0048EE2F /* libopencv_reg.a in Frameworks */,
				AF2EA62C27D7CF2F0048EE2F /* libopencv_core.4.5.4.dylib in Frameworks */,
				AF2EA61C27D7CF2F0048EE2F /* libopencv_line_descriptor.4.5.4.dylib in Frameworks */,
				AF2EA63127D7CF2F0048EE2F /* libopencv_shape.4.5.4.dylib in Frameworks */,
				AF2EA65127D7CF2F0048EE2F /* libopencv_xfeatures2d.a in Frameworks */,
				AF2EA60F27D7CF2F0048EE2F /* libopencv_imgcodecs.4.5.4.dylib in Frameworks */,
			);
			runOnlyForDeploymentPostprocessing = 0;
		};
/* End PBXFrameworksBuildPhase section */

/* Begin PBXGroup section */
		AF2EA55F27D7CE800048EE2F = {
			isa = PBXGroup;
			children = (
				AF2EA66827D7CFC40048EE2F /* data */,
				AF2EA66727D7CFBA0048EE2F /* img */,
				AF2EA59E27D7CF2B0048EE2F /* libopencv_alphamat.4.5.4.dylib */,
				AF2EA59127D7CF2B0048EE2F /* libopencv_alphamat.a */,
				AF2EA58627D7CF2A0048EE2F /* libopencv_aruco.4.5.4.dylib */,
				AF2EA5C627D7CF2E0048EE2F /* libopencv_aruco.a */,
				AF2EA5C927D7CF2E0048EE2F /* libopencv_barcode.4.5.4.dylib */,
				AF2EA57427D7CF290048EE2F /* libopencv_barcode.a */,
				AF2EA5D427D7CF2E0048EE2F /* libopencv_bgsegm.4.5.4.dylib */,
				AF2EA58F27D7CF2A0048EE2F /* libopencv_bgsegm.a */,
				AF2EA5AF27D7CF2D0048EE2F /* libopencv_bioinspired.4.5.4.dylib */,
				AF2EA5D627D7CF2E0048EE2F /* libopencv_bioinspired.a */,
				AF2EA5A427D7CF2C0048EE2F /* libopencv_calib3d.4.5.4.dylib */,
				AF2EA57C27D7CF290048EE2F /* libopencv_calib3d.a */,
				AF2EA5A327D7CF2C0048EE2F /* libopencv_ccalib.4.5.4.dylib */,
				AF2EA58E27D7CF2A0048EE2F /* libopencv_ccalib.a */,
				AF2EA5BA27D7CF2D0048EE2F /* libopencv_core.4.5.4.dylib */,
				AF2EA5A527D7CF2C0048EE2F /* libopencv_core.a */,
				AF2EA5B727D7CF2D0048EE2F /* libopencv_datasets.4.5.4.dylib */,
				AF2EA59027D7CF2A0048EE2F /* libopencv_datasets.a */,
				AF2EA5D027D7CF2E0048EE2F /* libopencv_dnn_objdetect.4.5.4.dylib */,
				AF2EA57227D7CF290048EE2F /* libopencv_dnn_objdetect.a */,
				AF2EA5D527D7CF2E0048EE2F /* libopencv_dnn_superres.4.5.4.dylib */,
				AF2EA5CA27D7CF2E0048EE2F /* libopencv_dnn_superres.a */,
				AF2EA58B27D7CF2A0048EE2F /* libopencv_dnn.4.5.4.dylib */,
				AF2EA59527D7CF2B0048EE2F /* libopencv_dnn.a */,
				AF2EA58227D7CF2A0048EE2F /* libopencv_dpm.4.5.4.dylib */,
				AF2EA59827D7CF2B0048EE2F /* libopencv_dpm.a */,
				AF2EA59927D7CF2B0048EE2F /* libopencv_face.4.5.4.dylib */,
				AF2EA5BB27D7CF2D0048EE2F /* libopencv_face.a */,
				AF2EA5D327D7CF2E0048EE2F /* libopencv_features2d.4.5.4.dylib */,
				AF2EA5D127D7CF2E0048EE2F /* libopencv_features2d.a */,
				AF2EA58C27D7CF2A0048EE2F /* libopencv_flann.4.5.4.dylib */,
				AF2EA5C327D7CF2D0048EE2F /* libopencv_flann.a */,
				AF2EA57727D7CF290048EE2F /* libopencv_freetype.4.5.4.dylib */,
				AF2EA5D727D7CF2E0048EE2F /* libopencv_freetype.a */,
				AF2EA5E027D7CF2F0048EE2F /* libopencv_fuzzy.4.5.4.dylib */,
				AF2EA57E27D7CF290048EE2F /* libopencv_fuzzy.a */,
				AF2EA57B27D7CF290048EE2F /* libopencv_gapi.4.5.4.dylib */,
				AF2EA5DB27D7CF2E0048EE2F /* libopencv_gapi.a */,
				AF2EA5C727D7CF2E0048EE2F /* libopencv_hfs.4.5.4.dylib */,
				AF2EA57A27D7CF290048EE2F /* libopencv_hfs.a */,
				AF2EA5E227D7CF2F0048EE2F /* libopencv_highgui.4.5.4.dylib */,
				AF2EA59A27D7CF2B0048EE2F /* libopencv_highgui.a */,
				AF2EA5A727D7CF2C0048EE2F /* libopencv_img_hash.4.5.4.dylib */,
				AF2EA58527D7CF2A0048EE2F /* libopencv_img_hash.a */,
				AF2EA59D27D7CF2B0048EE2F /* libopencv_imgcodecs.4.5.4.dylib */,
				AF2EA58327D7CF2A0048EE2F /* libopencv_imgcodecs.a */,
				AF2EA5E127D7CF2F0048EE2F /* libopencv_imgproc.4.5.4.dylib */,
				AF2EA5CE27D7CF2E0048EE2F /* libopencv_imgproc.a */,
				AF2EA58127D7CF2A0048EE2F /* libopencv_intensity_transform.4.5.4.dylib */,
				AF2EA5AE27D7CF2D0048EE2F /* libopencv_intensity_transform.a */,
				AF2EA5AA27D7CF2D0048EE2F /* libopencv_line_descriptor.4.5.4.dylib */,
				AF2EA5A027D7CF2C0048EE2F /* libopencv_line_descriptor.a */,
				AF2EA5B327D7CF2D0048EE2F /* libopencv_mcc.4.5.4.dylib */,
				AF2EA58427D7CF2A0048EE2F /* libopencv_mcc.a */,
				AF2EA5D927D7CF2E0048EE2F /* libopencv_ml.4.5.4.dylib */,
				AF2EA59627D7CF2B0048EE2F /* libopencv_ml.a */,
				AF2EA5B527D7CF2D0048EE2F /* libopencv_objdetect.4.5.4.dylib */,
				AF2EA57627D7CF290048EE2F /* libopencv_objdetect.a */,
				AF2EA59727D7CF2B0048EE2F /* libopencv_optflow.4.5.4.dylib */,
				AF2EA5A927D7CF2C0048EE2F /* libopencv_optflow.a */,
				AF2EA5C127D7CF2D0048EE2F /* libopencv_phase_unwrapping.4.5.4.dylib */,
				AF2EA5B027D7CF2D0048EE2F /* libopencv_phase_unwrapping.a */,
				AF2EA58727D7CF2A0048EE2F /* libopencv_photo.4.5.4.dylib */,
				AF2EA5B827D7CF2D0048EE2F /* libopencv_photo.a */,
				AF2EA58027D7CF290048EE2F /* libopencv_plot.4.5.4.dylib */,
				AF2EA59F27D7CF2B0048EE2F /* libopencv_plot.a */,
				AF2EA5AD27D7CF2D0048EE2F /* libopencv_quality.4.5.4.dylib */,
				AF2EA57F27D7CF290048EE2F /* libopencv_quality.a */,
				AF2EA57D27D7CF290048EE2F /* libopencv_rapid.4.5.4.dylib */,
				AF2EA58827D7CF2A0048EE2F /* libopencv_rapid.a */,
				AF2EA5D827D7CF2E0048EE2F /* libopencv_reg.4.5.4.dylib */,
				AF2EA5B127D7CF2D0048EE2F /* libopencv_reg.a */,
				AF2EA5DD27D7CF2F0048EE2F /* libopencv_rgbd.4.5.4.dylib */,
				AF2EA59B27D7CF2B0048EE2F /* libopencv_rgbd.a */,
				AF2EA5B927D7CF2D0048EE2F /* libopencv_saliency.4.5.4.dylib */,
				AF2EA5CF27D7CF2E0048EE2F /* libopencv_saliency.a */,
				AF2EA5A827D7CF2C0048EE2F /* libopencv_sfm.4.5.4.dylib */,
				AF2EA5BE27D7CF2D0048EE2F /* libopencv_sfm.a */,
				AF2EA5BF27D7CF2D0048EE2F /* libopencv_shape.4.5.4.dylib */,
				AF2EA5CB27D7CF2E0048EE2F /* libopencv_shape.a */,
				AF2EA5B227D7CF2D0048EE2F /* libopencv_stereo.4.5.4.dylib */,
				AF2EA5C027D7CF2D0048EE2F /* libopencv_stereo.a */,
				AF2EA57827D7CF290048EE2F /* libopencv_stitching.4.5.4.dylib */,
				AF2EA5BD27D7CF2D0048EE2F /* libopencv_stitching.a */,
				AF2EA5AC27D7CF2D0048EE2F /* libopencv_structured_light.4.5.4.dylib */,
				AF2EA5C527D7CF2E0048EE2F /* libopencv_structured_light.a */,
				AF2EA5A627D7CF2C0048EE2F /* libopencv_superres.4.5.4.dylib */,
				AF2EA5D227D7CF2E0048EE2F /* libopencv_superres.a */,
				AF2EA5E327D7CF2F0048EE2F /* libopencv_surface_matching.4.5.4.dylib */,
				AF2EA5CD27D7CF2E0048EE2F /* libopencv_surface_matching.a */,
				AF2EA59227D7CF2B0048EE2F /* libopencv_text.4.5.4.dylib */,
				AF2EA59327D7CF2B0048EE2F /* libopencv_text.a */,
				AF2EA5A127D7CF2C0048EE2F /* libopencv_tracking.4.5.4.dylib */,
				AF2EA5B627D7CF2D0048EE2F /* libopencv_tracking.a */,
				AF2EA5C427D7CF2D0048EE2F /* libopencv_video.4.5.4.dylib */,
				AF2EA5B427D7CF2D0048EE2F /* libopencv_video.a */,
				AF2EA58D27D7CF2A0048EE2F /* libopencv_videoio.4.5.4.dylib */,
				AF2EA5AB27D7CF2D0048EE2F /* libopencv_videoio.a */,
				AF2EA59427D7CF2B0048EE2F /* libopencv_videostab.4.5.4.dylib */,
				AF2EA5C227D7CF2D0048EE2F /* libopencv_videostab.a */,
				AF2EA58927D7CF2A0048EE2F /* libopencv_viz.4.5.4.dylib */,
				AF2EA5DA27D7CF2E0048EE2F /* libopencv_viz.a */,
				AF2EA57327D7CF290048EE2F /* libopencv_wechat_qrcode.4.5.4.dylib */,
				AF2EA57527D7CF290048EE2F /* libopencv_wechat_qrcode.a */,
				AF2EA5DE27D7CF2F0048EE2F /* libopencv_xfeatures2d.4.5.4.dylib */,
				AF2EA5DF27D7CF2F0048EE2F /* libopencv_xfeatures2d.a */,
				AF2EA5A227D7CF2C0048EE2F /* libopencv_ximgproc.4.5.4.dylib */,
				AF2EA5DC27D7CF2E0048EE2F /* libopencv_ximgproc.a */,
				AF2EA58A27D7CF2A0048EE2F /* libopencv_xobjdetect.4.5.4.dylib */,
				AF2EA5CC27D7CF2E0048EE2F /* libopencv_xobjdetect.a */,
				AF2EA5C827D7CF2E0048EE2F /* libopencv_xphoto.4.5.4.dylib */,
				AF2EA5BC27D7CF2D0048EE2F /* libopencv_xphoto.a */,
				AF2EA57927D7CF290048EE2F /* libquirc.a */,
				AF2EA59C27D7CF2B0048EE2F /* libsimple_pipeline.a */,
				AF2EA56A27D7CE800048EE2F /* Project3 */,
				AF2EA56927D7CE800048EE2F /* Products */,
			);
			sourceTree = "<group>";
		};
		AF2EA56927D7CE800048EE2F /* Products */ = {
			isa = PBXGroup;
			children = (
				AF2EA56827D7CE800048EE2F /* Project3 */,
			);
			name = Products;
			sourceTree = "<group>";
		};
		AF2EA56A27D7CE800048EE2F /* Project3 */ = {
			isa = PBXGroup;
			children = (
				AF2EA66027D7CF880048EE2F /* custom_classifier.cpp */,
				AF2EA65627D7CF870048EE2F /* custom_classifier.hpp */,
				AF2EA65C27D7CF870048EE2F /* csv_util.cpp */,
				AF2EA65B27D7CF870048EE2F /* csv_util.h */,
				AF2EA65927D7CF870048EE2F /* main.cpp */,
				AF2EA65D27D7CF870048EE2F /* objectRecognition.cpp */,
				AF2EA65827D7CF870048EE2F /* objectRecognition.hpp */,
				AF2EA65E27D7CF870048EE2F /* preprocess.cpp */,
				AF2EA65A27D7CF870048EE2F /* preprocess.hpp */,
				AF2EA65727D7CF870048EE2F /* region_features.cpp */,
				AF2EA65F27D7CF880048EE2F /* region_features.hpp */,
				AF2EA66E27D7D38D0048EE2F /* readImages.cpp */,
				AF2EA66F27D7D38D0048EE2F /* readImages.hpp */,
			);
			path = Project3;
			sourceTree = "<group>";
		};
		AF2EA66727D7CFBA0048EE2F /* img */ = {
			isa = PBXGroup;
			children = (
				AF2EA66D27D7D0420048EE2F /* phone2.png */,
				AF2EA66B27D7D0200048EE2F /* Case.jpg */,
				AF2EA66A27D7D0200048EE2F /* Mask.jpg */,
				AF2EA66C27D7D0200048EE2F /* PhoneCase.jpg */,
			);
			path = img;
			sourceTree = "<group>";
		};
		AF2EA66827D7CFC40048EE2F /* data */ = {
			isa = PBXGroup;
			children = (
				AF2EA66927D7CFE70048EE2F /* features.csv */,
			);
			path = data;
			sourceTree = "<group>";
		};
/* End PBXGroup section */

/* Begin PBXNativeTarget section */
		AF2EA56727D7CE800048EE2F /* Project3 */ = {
			isa = PBXNativeTarget;
			buildConfigurationList = AF2EA56F27D7CE800048EE2F /* Build configuration list for PBXNativeTarget "Project3" */;
			buildPhases = (
				AF2EA56427D7CE800048EE2F /* Sources */,
				AF2EA56527D7CE800048EE2F /* Frameworks */,
				AF2EA56627D7CE800048EE2F /* CopyFiles */,
			);
			buildRules = (
			);
			dependencies = (
			);
			name = Project3;
			productName = Project3;
			productReference = AF2EA56827D7CE800048EE2F /* Project3 */;
			productType = "com.apple.product-type.tool";
		};
/* End PBXNativeTarget section */

/* Begin PBXProject section */
		AF2EA56027D7CE800048EE2F /* Project object */ = {
			isa = PBXProject;
			attributes = {
				BuildIndependentTargetsInParallel = 1;
				LastUpgradeCheck = 1320;
				TargetAttributes = {
					AF2EA56727D7CE800048EE2F = {
						CreatedOnToolsVersion = 13.2.1;
					};
				};
			};
			buildConfigurationList = AF2EA56327D7CE800048EE2F /* Build configuration list for PBXProject "Project3" */;
			compatibilityVersion = "Xcode 13.0";
			developmentRegion = en;
			hasScannedForEncodings = 0;
			knownRegions = (
				en,
				Base,
			);
			mainGroup = AF2EA55F27D7CE800048EE2F;
			productRefGroup = AF2EA56927D7CE800048EE2F /* Products */;
			projectDirPath = "";
			projectRoot = "";
			targets = (
				AF2EA56727D7CE800048EE2F /* Project3 */,
			);
		};
/* End PBXProject section */

/* Begin PBXSourcesBuildPhase section */
		AF2EA56427D7CE800048EE2F /* Sources */ = {
			isa = PBXSourcesBuildPhase;
			buildActionMask = 2147483647;
			files = (
				AF2EA66627D7CF880048EE2F /* custom_classifier.cpp in Sources */,
				AF2EA66427D7CF880048EE2F /* objectRecognition.cpp in Sources */,
				AF2EA66127D7CF880048EE2F /* region_features.cpp in Sources */,
				AF2EA66527D7CF880048EE2F /* preprocess.cpp in Sources */,
				AF2EA66327D7CF880048EE2F /* csv_util.cpp in Sources */,
				AF2EA66227D7CF880048EE2F /* main.cpp in Sources */,
				AF2EA67027D7D38D0048EE2F /* readImages.cpp in Sources */,
			);
			runOnlyForDeploymentPostprocessing = 0;
		};
/* End PBXSourcesBuildPhase section */

/* Begin XCBuildConfiguration section */
		AF2EA56D27D7CE800048EE2F /* Debug */ = {
			isa = XCBuildConfiguration;
			buildSettings = {
				ALWAYS_SEARCH_USER_PATHS = NO;
				CLANG_ANALYZER_NONNULL = YES;
				CLANG_ANALYZER_NUMBER_OBJECT_CONVERSION = YES_AGGRESSIVE;
				CLANG_CXX_LANGUAGE_STANDARD = "gnu++17";
				CLANG_CXX_LIBRARY = "libc++";
				CLANG_ENABLE_MODULES = YES;
				CLANG_ENABLE_OBJC_ARC = YES;
				CLANG_ENABLE_OBJC_WEAK = YES;
				CLANG_WARN_BLOCK_CAPTURE_AUTORELEASING = YES;
				CLANG_WARN_BOOL_CONVERSION = YES;
				CLANG_WARN_COMMA = YES;
				CLANG_WARN_CONSTANT_CONVERSION = YES;
				CLANG_WARN_DEPRECATED_OBJC_IMPLEMENTATIONS = YES;
				CLANG_WARN_DIRECT_OBJC_ISA_USAGE = YES_ERROR;
				CLANG_WARN_DOCUMENTATION_COMMENTS = YES;
				CLANG_WARN_EMPTY_BODY = YES;
				CLANG_WARN_ENUM_CONVERSION = YES;
				CLANG_WARN_INFINITE_RECURSION = YES;
				CLANG_WARN_INT_CONVERSION = YES;
				CLANG_WARN_NON_LITERAL_NULL_CONVERSION = YES;
				CLANG_WARN_OBJC_IMPLICIT_RETAIN_SELF = YES;
				CLANG_WARN_OBJC_LITERAL_CONVERSION = YES;
				CLANG_WARN_OBJC_ROOT_CLASS = YES_ERROR;
				CLANG_WARN_QUOTED_INCLUDE_IN_FRAMEWORK_HEADER = YES;
				CLANG_WARN_RANGE_LOOP_ANALYSIS = YES;
				CLANG_WARN_STRICT_PROTOTYPES = YES;
				CLANG_WARN_SUSPICIOUS_MOVE = YES;
				CLANG_WARN_UNGUARDED_AVAILABILITY = YES_AGGRESSIVE;
				CLANG_WARN_UNREACHABLE_CODE = YES;
				CLANG_WARN__DUPLICATE_METHOD_MATCH = YES;
				COPY_PHASE_STRIP = NO;
				DEBUG_INFORMATION_FORMAT = dwarf;
				ENABLE_STRICT_OBJC_MSGSEND = YES;
				ENABLE_TESTABILITY = YES;
				GCC_C_LANGUAGE_STANDARD = gnu11;
				GCC_DYNAMIC_NO_PIC = NO;
				GCC_NO_COMMON_BLOCKS = YES;
				GCC_OPTIMIZATION_LEVEL = 0;
				GCC_PREPROCESSOR_DEFINITIONS = (
					"DEBUG=1",
					"$(inherited)",
				);
				GCC_WARN_64_TO_32_BIT_CONVERSION = YES;
				GCC_WARN_ABOUT_RETURN_TYPE = YES_ERROR;
				GCC_WARN_UNDECLARED_SELECTOR = YES;
				GCC_WARN_UNINITIALIZED_AUTOS = YES_AGGRESSIVE;
				GCC_WARN_UNUSED_FUNCTION = YES;
				GCC_WARN_UNUSED_VARIABLE = YES;
				MACOSX_DEPLOYMENT_TARGET = 11.5;
				MTL_ENABLE_DEBUG_INFO = INCLUDE_SOURCE;
				MTL_FAST_MATH = YES;
				ONLY_ACTIVE_ARCH = YES;
				SDKROOT = macosx;
			};
			name = Debug;
		};
		AF2EA56E27D7CE800048EE2F /* Release */ = {
			isa = XCBuildConfiguration;
			buildSettings = {
				ALWAYS_SEARCH_USER_PATHS = NO;
				CLANG_ANALYZER_NONNULL = YES;
				CLANG_ANALYZER_NUMBER_OBJECT_CONVERSION = YES_AGGRESSIVE;
				CLANG_CXX_LANGUAGE_STANDARD = "gnu++17";
				CLANG_CXX_LIBRARY = "libc++";
				CLANG_ENABLE_MODULES = YES;
				CLANG_ENABLE_OBJC_ARC = YES;
				CLANG_ENABLE_OBJC_WEAK = YES;
				CLANG_WARN_BLOCK_CAPTURE_AUTORELEASING = YES;
				CLANG_WARN_BOOL_CONVERSION = YES;
				CLANG_WARN_COMMA = YES;
				CLANG_WARN_CONSTANT_CONVERSION = YES;
				CLANG_WARN_DEPRECATED_OBJC_IMPLEMENTATIONS = YES;
				CLANG_WARN_DIRECT_OBJC_ISA_USAGE = YES_ERROR;
				CLANG_WARN_DOCUMENTATION_COMMENTS = YES;
				CLANG_WARN_EMPTY_BODY = YES;
				CLANG_WARN_ENUM_CONVERSION = YES;
				CLANG_WARN_INFINITE_RECURSION = YES;
				CLANG_WARN_INT_CONVERSION = YES;
				CLANG_WARN_NON_LITERAL_NULL_CONVERSION = YES;
				CLANG_WARN_OBJC_IMPLICIT_RETAIN_SELF = YES;
				CLANG_WARN_OBJC_LITERAL_CONVERSION = YES;
				CLANG_WARN_OBJC_ROOT_CLASS = YES_ERROR;
				CLANG_WARN_QUOTED_INCLUDE_IN_FRAMEWORK_HEADER = YES;
				CLANG_WARN_RANGE_LOOP_ANALYSIS = YES;
				CLANG_WARN_STRICT_PROTOTYPES = YES;
				CLANG_WARN_SUSPICIOUS_MOVE = YES;
				CLANG_WARN_UNGUARDED_AVAILABILITY = YES_AGGRESSIVE;
				CLANG_WARN_UNREACHABLE_CODE = YES;
				CLANG_WARN__DUPLICATE_METHOD_MATCH = YES;
				COPY_PHASE_STRIP = NO;
				DEBUG_INFORMATION_FORMAT = "dwarf-with-dsym";
				ENABLE_NS_ASSERTIONS = NO;
				ENABLE_STRICT_OBJC_MSGSEND = YES;
				GCC_C_LANGUAGE_STANDARD = gnu11;
				GCC_NO_COMMON_BLOCKS = YES;
				GCC_WARN_64_TO_32_BIT_CONVERSION = YES;
				GCC_WARN_ABOUT_RETURN_TYPE = YES_ERROR;
				GCC_WARN_UNDECLARED_SELECTOR = YES;
				GCC_WARN_UNINITIALIZED_AUTOS = YES_AGGRESSIVE;
				GCC_WARN_UNUSED_FUNCTION = YES;
				GCC_WARN_UNUSED_VARIABLE = YES;
				MACOSX_DEPLOYMENT_TARGET = 11.5;
				MTL_ENABLE_DEBUG_INFO = NO;
				MTL_FAST_MATH = YES;
				SDKROOT = macosx;
			};
			name = Release;
		};
		AF2EA57027D7CE800048EE2F /* Debug */ = {
			isa = XCBuildConfiguration;
			buildSettings = {
				CODE_SIGN_STYLE = Automatic;
				EXCLUDED_ARCHS = arm64;
				HEADER_SEARCH_PATHS = "/usr/local/Cellar/opencv/4.5.4_4/include/**";
				LIBRARY_SEARCH_PATHS = (
					"/usr/local/Cellar/opencv/4.5.4_4/lib/**",
					/usr/local/Cellar/opencv/4.5.4_4/lib,
				);
				PRODUCT_NAME = "$(TARGET_NAME)";
			};
			name = Debug;
		};
		AF2EA57127D7CE800048EE2F /* Release */ = {
			isa = XCBuildConfiguration;
			buildSettings = {
				CODE_SIGN_STYLE = Automatic;
				EXCLUDED_ARCHS = arm64;
				HEADER_SEARCH_PATHS = "/usr/local/Cellar/opencv/4.5.4_4/include/**";
				LIBRARY_SEARCH_PATHS = (
					"/usr/local/Cellar/opencv/4.5.4_4/lib/**",
					/usr/local/Cellar/opencv/4.5.4_4/lib,
				);
				PRODUCT_NAME = "$(TARGET_NAME)";
			};
			name = Release;
		};
/* End XCBuildConfiguration section */

/* Begin XCConfigurationList section */
		AF2EA56327D7CE800048EE2F /* Build configuration list for PBXProject "Project3" */ = {
			isa = XCConfigurationList;
			buildConfigurations = (
				AF2EA56D27D7CE800048EE2F /* Debug */,
				AF2EA56E27D7CE800048EE2F /* Release */,
			);
			defaultConfigurationIsVisible = 0;
			defaultConfigurationName = Release;
		};
		AF2EA56F27D7CE800048EE2F /* Build configuration list for PBXNativeTarget "Project3" */ = {
			isa = XCConfigurationList;
			buildConfigurations = (
				AF2EA57027D7CE800048EE2F /* Debug */,
				AF2EA57127D7CE800048EE2F /* Release */,
			);
			defaultConfigurationIsVisible = 0;
			defaultConfigurationName = Release;
		};
/* End XCConfigurationList section */
	};
	rootObject = AF2EA56027D7CE800048EE2F /* Project object */;
}
